// !$*UTF8*$!
{
	archiveVersion = 1;
	classes = {
	};
	objectVersion = 48;
	objects = {

/* Begin PBXBuildFile section */
		12000C961F9D87D800ECE3AE /* CenterViewCell.m in Sources */ = {isa = PBXBuildFile; fileRef = 12000C951F9D87D800ECE3AE /* CenterViewCell.m */; };
		12000C991F9D882D00ECE3AE /* HomeListModel.m in Sources */ = {isa = PBXBuildFile; fileRef = 12000C981F9D882D00ECE3AE /* HomeListModel.m */; };
		12000CA01F9DD62600ECE3AE /* LoginView.m in Sources */ = {isa = PBXBuildFile; fileRef = 12000C9F1F9DD62600ECE3AE /* LoginView.m */; };
		12000CA51F9DD9FB00ECE3AE /* BackView.m in Sources */ = {isa = PBXBuildFile; fileRef = 12000CA41F9DD9FB00ECE3AE /* BackView.m */; };
		120440361FA082DD006EE6B0 /* BannerInfo.m in Sources */ = {isa = PBXBuildFile; fileRef = 120440351FA082DD006EE6B0 /* BannerInfo.m */; };
		120440391FA0835B006EE6B0 /* UserInfo.m in Sources */ = {isa = PBXBuildFile; fileRef = 120440381FA0835B006EE6B0 /* UserInfo.m */; };
		1208DCD21F9AEA3800524BB4 /* NewProductTitle.m in Sources */ = {isa = PBXBuildFile; fileRef = 1208DCD11F9AEA3800524BB4 /* NewProductTitle.m */; };
		1208DCD71F9AF79F00524BB4 /* FourFormView.m in Sources */ = {isa = PBXBuildFile; fileRef = 1208DCD61F9AF79F00524BB4 /* FourFormView.m */; };
		1208DCDB1F9AF89600524BB4 /* DebetTableViewController.m in Sources */ = {isa = PBXBuildFile; fileRef = 1208DCDA1F9AF89600524BB4 /* DebetTableViewController.m */; };
		1208DCE01F9AF96500524BB4 /* HeadIconView.m in Sources */ = {isa = PBXBuildFile; fileRef = 1208DCDF1F9AF96500524BB4 /* HeadIconView.m */; };
		1208DCE31F9B019D00524BB4 /* DebetTableViewCell.m in Sources */ = {isa = PBXBuildFile; fileRef = 1208DCE21F9B019D00524BB4 /* DebetTableViewCell.m */; };
		1208DCEF1F9B0BEA00524BB4 /* ContentTableViewCell.m in Sources */ = {isa = PBXBuildFile; fileRef = 1208DCED1F9B0BEA00524BB4 /* ContentTableViewCell.m */; };
		1208DCF01F9B0BEA00524BB4 /* ContentTableViewCell.xib in Resources */ = {isa = PBXBuildFile; fileRef = 1208DCEE1F9B0BEA00524BB4 /* ContentTableViewCell.xib */; };
		1208DCF31F9B0FD500524BB4 /* PushWebViewController.m in Sources */ = {isa = PBXBuildFile; fileRef = 1208DCF11F9B0FD500524BB4 /* PushWebViewController.m */; };
		120AE8E11FAAF44D00399257 /* AppTableViewCell.m in Sources */ = {isa = PBXBuildFile; fileRef = 120AE8E01FAAF44D00399257 /* AppTableViewCell.m */; };
		120AE8E51FAAF72500399257 /* AppListView.m in Sources */ = {isa = PBXBuildFile; fileRef = 120AE8E41FAAF72500399257 /* AppListView.m */; };
		1217F2781FA0381A001FCB27 /* DebetDetailViewController.m in Sources */ = {isa = PBXBuildFile; fileRef = 1217F2771FA0381A001FCB27 /* DebetDetailViewController.m */; };
		1229DA351FA7431400C97938 /* LICENSE in Resources */ = {isa = PBXBuildFile; fileRef = 1229DA151FA7431400C97938 /* LICENSE */; };
		1229DA361FA7431400C97938 /* README.md in Resources */ = {isa = PBXBuildFile; fileRef = 1229DA161FA7431400C97938 /* README.md */; };
		1229DA371FA7431400C97938 /* NSData+ImageContentType.m in Sources */ = {isa = PBXBuildFile; fileRef = 1229DA191FA7431400C97938 /* NSData+ImageContentType.m */; };
		1229DA381FA7431400C97938 /* SDImageCache.m in Sources */ = {isa = PBXBuildFile; fileRef = 1229DA1B1FA7431400C97938 /* SDImageCache.m */; };
		1229DA391FA7431400C97938 /* SDWebImageCompat.m in Sources */ = {isa = PBXBuildFile; fileRef = 1229DA1D1FA7431400C97938 /* SDWebImageCompat.m */; };
		1229DA3A1FA7431400C97938 /* SDWebImageDecoder.m in Sources */ = {isa = PBXBuildFile; fileRef = 1229DA1F1FA7431400C97938 /* SDWebImageDecoder.m */; };
		1229DA3B1FA7431400C97938 /* SDWebImageDownloader.m in Sources */ = {isa = PBXBuildFile; fileRef = 1229DA211FA7431400C97938 /* SDWebImageDownloader.m */; };
		1229DA3C1FA7431400C97938 /* SDWebImageDownloaderOperation.m in Sources */ = {isa = PBXBuildFile; fileRef = 1229DA231FA7431400C97938 /* SDWebImageDownloaderOperation.m */; };
		1229DA3D1FA7431400C97938 /* SDWebImageManager.m in Sources */ = {isa = PBXBuildFile; fileRef = 1229DA251FA7431400C97938 /* SDWebImageManager.m */; };
		1229DA3E1FA7431400C97938 /* SDWebImagePrefetcher.m in Sources */ = {isa = PBXBuildFile; fileRef = 1229DA281FA7431400C97938 /* SDWebImagePrefetcher.m */; };
		1229DA3F1FA7431400C97938 /* UIButton+WebCache.m in Sources */ = {isa = PBXBuildFile; fileRef = 1229DA2A1FA7431400C97938 /* UIButton+WebCache.m */; };
		1229DA401FA7431400C97938 /* UIImage+GIF.m in Sources */ = {isa = PBXBuildFile; fileRef = 1229DA2C1FA7431400C97938 /* UIImage+GIF.m */; };
		1229DA411FA7431400C97938 /* UIImage+MultiFormat.m in Sources */ = {isa = PBXBuildFile; fileRef = 1229DA2E1FA7431400C97938 /* UIImage+MultiFormat.m */; };
		1229DA421FA7431400C97938 /* UIImageView+HighlightedWebCache.m in Sources */ = {isa = PBXBuildFile; fileRef = 1229DA301FA7431400C97938 /* UIImageView+HighlightedWebCache.m */; };
		1229DA431FA7431400C97938 /* UIImageView+WebCache.m in Sources */ = {isa = PBXBuildFile; fileRef = 1229DA321FA7431400C97938 /* UIImageView+WebCache.m */; };
		1229DA441FA7431400C97938 /* UIView+WebCacheOperation.m in Sources */ = {isa = PBXBuildFile; fileRef = 1229DA341FA7431400C97938 /* UIView+WebCacheOperation.m */; };
		1229DA481FA7493200C97938 /* CateGoryModel.m in Sources */ = {isa = PBXBuildFile; fileRef = 1229DA471FA7493200C97938 /* CateGoryModel.m */; };
		122B797F1FA6D32A0023FDA2 /* FourListTableViewCell.m in Sources */ = {isa = PBXBuildFile; fileRef = 122B797D1FA6D32A0023FDA2 /* FourListTableViewCell.m */; };
		122B79831FA702CC0023FDA2 /* HotListView.m in Sources */ = {isa = PBXBuildFile; fileRef = 122B79821FA702CC0023FDA2 /* HotListView.m */; };
		1230325F1FA2D7E000412BD5 /* blankpage_button_reload@2x.png in Resources */ = {isa = PBXBuildFile; fileRef = 123032561FA2D7E000412BD5 /* blankpage_button_reload@2x.png */; };
		123032601FA2D7E000412BD5 /* UIView+EaseBlankPage.m in Sources */ = {isa = PBXBuildFile; fileRef = 123032581FA2D7E000412BD5 /* UIView+EaseBlankPage.m */; };
		123032611FA2D7E000412BD5 /* UIView+LoadView.m in Sources */ = {isa = PBXBuildFile; fileRef = 1230325A1FA2D7E000412BD5 /* UIView+LoadView.m */; };
		123032621FA2D7E000412BD5 /* XZEaseBlankPageView.m in Sources */ = {isa = PBXBuildFile; fileRef = 1230325C1FA2D7E000412BD5 /* XZEaseBlankPageView.m */; };
		123032631FA2D7E000412BD5 /* XZLoadView.m in Sources */ = {isa = PBXBuildFile; fileRef = 1230325E1FA2D7E000412BD5 /* XZLoadView.m */; };
		123032661FA2DE4200412BD5 /* UIView+SetLayer.m in Sources */ = {isa = PBXBuildFile; fileRef = 123032651FA2DE4100412BD5 /* UIView+SetLayer.m */; };
		123032691FA2DE4E00412BD5 /* UIColor+FlatUI.m in Sources */ = {isa = PBXBuildFile; fileRef = 123032681FA2DE4E00412BD5 /* UIColor+FlatUI.m */; };
		124BBB611F9F1788007CEAF8 /* LoginViewController.m in Sources */ = {isa = PBXBuildFile; fileRef = 124BBB601F9F1788007CEAF8 /* LoginViewController.m */; };
		12645F851F9B12DD00E758BD /* ADView.m in Sources */ = {isa = PBXBuildFile; fileRef = 12645F831F9B12DD00E758BD /* ADView.m */; };
		1269311D1F998EDE00F6D414 /* MineViewController.m in Sources */ = {isa = PBXBuildFile; fileRef = 1269311C1F998EDE00F6D414 /* MineViewController.m */; };
		126931201F99AB0D00F6D414 /* HomeTopView.m in Sources */ = {isa = PBXBuildFile; fileRef = 1269311F1F99AB0D00F6D414 /* HomeTopView.m */; };
		126931221F99AB6500F6D414 /* HomeTopView.xib in Resources */ = {isa = PBXBuildFile; fileRef = 126931211F99AB6500F6D414 /* HomeTopView.xib */; };
		126931261F99D15600F6D414 /* HotPublish.m in Sources */ = {isa = PBXBuildFile; fileRef = 126931241F99D15600F6D414 /* HotPublish.m */; };
		126931271F99D15600F6D414 /* HotPublish.xib in Resources */ = {isa = PBXBuildFile; fileRef = 126931251F99D15600F6D414 /* HotPublish.xib */; };
		1269312A1F99DF2300F6D414 /* CircleBannerView.m in Sources */ = {isa = PBXBuildFile; fileRef = 126931291F99DF2300F6D414 /* CircleBannerView.m */; };
		1269312D1F99E24400F6D414 /* ContentView.m in Sources */ = {isa = PBXBuildFile; fileRef = 1269312C1F99E24400F6D414 /* ContentView.m */; };
		126931351F99EE5800F6D414 /* ListTableViewCell.m in Sources */ = {isa = PBXBuildFile; fileRef = 126931341F99EE5800F6D414 /* ListTableViewCell.m */; };
		126931391F99F1EF00F6D414 /* NewProductTableViewCell.m in Sources */ = {isa = PBXBuildFile; fileRef = 126931371F99F1EF00F6D414 /* NewProductTableViewCell.m */; };
		1269313A1F99F1EF00F6D414 /* NewProductTableViewCell.xib in Resources */ = {isa = PBXBuildFile; fileRef = 126931381F99F1EF00F6D414 /* NewProductTableViewCell.xib */; };
		1269313D1F99FBE200F6D414 /* TestView.m in Sources */ = {isa = PBXBuildFile; fileRef = 1269313C1F99FBE200F6D414 /* TestView.m */; };
		128AF64C1F9F2BCF0076E0DD /* HTTableViewCell.m in Sources */ = {isa = PBXBuildFile; fileRef = 128AF64B1F9F2BCF0076E0DD /* HTTableViewCell.m */; };
		128AF6501F9F2E570076E0DD /* SettingViewController.m in Sources */ = {isa = PBXBuildFile; fileRef = 128AF64F1F9F2E570076E0DD /* SettingViewController.m */; };
		12934B061F975B310090B36F /* Base64Util.m in Sources */ = {isa = PBXBuildFile; fileRef = 12934B001F975B310090B36F /* Base64Util.m */; };
		12934B071F975B310090B36F /* GTMBase64.m in Sources */ = {isa = PBXBuildFile; fileRef = 12934B021F975B310090B36F /* GTMBase64.m */; };
		12934B081F975B310090B36F /* MD5Encryption.m in Sources */ = {isa = PBXBuildFile; fileRef = 12934B051F975B310090B36F /* MD5Encryption.m */; };
		12F33A231FA0285D00018F71 /* UIBarButtonItem+LHB.m in Sources */ = {isa = PBXBuildFile; fileRef = 12F33A221FA0285D00018F71 /* UIBarButtonItem+LHB.m */; };
		12FCBE9F1FA84BC200BF29BF /* HS_address.plist in Resources */ = {isa = PBXBuildFile; fileRef = 12FCBE931FA84BC200BF29BF /* HS_address.plist */; };
		12FCBEA01FA84BC200BF29BF /* HSAddressPickerVC.m in Sources */ = {isa = PBXBuildFile; fileRef = 12FCBE951FA84BC200BF29BF /* HSAddressPickerVC.m */; };
		12FCBEA11FA84BC200BF29BF /* HSBasePickerVC.m in Sources */ = {isa = PBXBuildFile; fileRef = 12FCBE971FA84BC200BF29BF /* HSBasePickerVC.m */; };
		12FCBEA21FA84BC200BF29BF /* HSDatePickerVC.m in Sources */ = {isa = PBXBuildFile; fileRef = 12FCBE991FA84BC200BF29BF /* HSDatePickerVC.m */; };
		12FCBEA31FA84BC200BF29BF /* HSGenderPickerVC.m in Sources */ = {isa = PBXBuildFile; fileRef = 12FCBE9B1FA84BC200BF29BF /* HSGenderPickerVC.m */; };
		12FCBEA41FA84BC200BF29BF /* HSPickerViewTestVC.storyboard in Resources */ = {isa = PBXBuildFile; fileRef = 12FCBE9C1FA84BC200BF29BF /* HSPickerViewTestVC.storyboard */; };
		12FCBEA51FA84BC200BF29BF /* NSDate+Date.m in Sources */ = {isa = PBXBuildFile; fileRef = 12FCBE9E1FA84BC200BF29BF /* NSDate+Date.m */; };
		72EA155964C8A0852D673723 /* libPods-debetMarketTests.a in Frameworks */ = {isa = PBXBuildFile; fileRef = F9BAA840C0FADCD4EC04AF49 /* libPods-debetMarketTests.a */; };
		EF6C686F1F95A40500DB3871 /* HomeViewController.m in Sources */ = {isa = PBXBuildFile; fileRef = EF6C686D1F95A40500DB3871 /* HomeViewController.m */; };
		EF6C68741F95A4D300DB3871 /* HTViewController.m in Sources */ = {isa = PBXBuildFile; fileRef = EF6C68731F95A4D300DB3871 /* HTViewController.m */; };
		EF6C68771F95A53500DB3871 /* HTTableViewController.m in Sources */ = {isa = PBXBuildFile; fileRef = EF6C68761F95A53500DB3871 /* HTTableViewController.m */; };
		EF6C687A1F95A7D600DB3871 /* HTTabBarController.m in Sources */ = {isa = PBXBuildFile; fileRef = EF6C68791F95A7D600DB3871 /* HTTabBarController.m */; };
		EFEBD07E1F95DC26003F3F41 /* HTAFHTTPSessionManager.m in Sources */ = {isa = PBXBuildFile; fileRef = EFEBD07D1F95DC26003F3F41 /* HTAFHTTPSessionManager.m */; };
		EFEBD0861F95E4C6003F3F41 /* HTNetworkingTool.m in Sources */ = {isa = PBXBuildFile; fileRef = EFEBD0841F95E4C6003F3F41 /* HTNetworkingTool.m */; };
		EFEBD0941F95F033003F3F41 /* CityData.plist in Resources */ = {isa = PBXBuildFile; fileRef = EFEBD0881F95F033003F3F41 /* CityData.plist */; };
		EFEBD0951F95F033003F3F41 /* TLCity.m in Sources */ = {isa = PBXBuildFile; fileRef = EFEBD08A1F95F033003F3F41 /* TLCity.m */; };
		EFEBD0961F95F033003F3F41 /* TLCityGroupCell.m in Sources */ = {isa = PBXBuildFile; fileRef = EFEBD08C1F95F033003F3F41 /* TLCityGroupCell.m */; };
		EFEBD0971F95F033003F3F41 /* TLCityHeaderView.m in Sources */ = {isa = PBXBuildFile; fileRef = EFEBD08E1F95F033003F3F41 /* TLCityHeaderView.m */; };
		EFEBD0981F95F033003F3F41 /* TLCityPickerController.m in Sources */ = {isa = PBXBuildFile; fileRef = EFEBD0901F95F033003F3F41 /* TLCityPickerController.m */; };
		EFEBD0991F95F033003F3F41 /* TLCityPickerSearchResultController.m in Sources */ = {isa = PBXBuildFile; fileRef = EFEBD0931F95F033003F3F41 /* TLCityPickerSearchResultController.m */; };
		EFEBD09E1F95F7E0003F3F41 /* MyCoreLocation.m in Sources */ = {isa = PBXBuildFile; fileRef = EFEBD09D1F95F7E0003F3F41 /* MyCoreLocation.m */; };
		EFEBD0A11F95FBEF003F3F41 /* HTCheckVersionTool.m in Sources */ = {isa = PBXBuildFile; fileRef = EFEBD0A01F95FBEE003F3F41 /* HTCheckVersionTool.m */; };
		EFEBD0AA1F974A92003F3F41 /* HTNavigationController.m in Sources */ = {isa = PBXBuildFile; fileRef = EFEBD0A81F974A91003F3F41 /* HTNavigationController.m */; };
		EFF9EA681F9599F400E61B11 /* AppDelegate.m in Sources */ = {isa = PBXBuildFile; fileRef = EFF9EA671F9599F400E61B11 /* AppDelegate.m */; };
		EFF9EA6E1F9599F400E61B11 /* Main.storyboard in Resources */ = {isa = PBXBuildFile; fileRef = EFF9EA6C1F9599F400E61B11 /* Main.storyboard */; };
		EFF9EA701F9599F400E61B11 /* Assets.xcassets in Resources */ = {isa = PBXBuildFile; fileRef = EFF9EA6F1F9599F400E61B11 /* Assets.xcassets */; };
		EFF9EA731F9599F400E61B11 /* LaunchScreen.storyboard in Resources */ = {isa = PBXBuildFile; fileRef = EFF9EA711F9599F400E61B11 /* LaunchScreen.storyboard */; };
		EFF9EA761F9599F400E61B11 /* main.m in Sources */ = {isa = PBXBuildFile; fileRef = EFF9EA751F9599F400E61B11 /* main.m */; };
		EFF9EA801F9599F400E61B11 /* debetMarketTests.m in Sources */ = {isa = PBXBuildFile; fileRef = EFF9EA7F1F9599F400E61B11 /* debetMarketTests.m */; };
		EFF9EA8B1F9599F400E61B11 /* debetMarketUITests.m in Sources */ = {isa = PBXBuildFile; fileRef = EFF9EA8A1F9599F400E61B11 /* debetMarketUITests.m */; };
		F9DEE5132BF77B923C513504 /* libPods-debetMarketUITests.a in Frameworks */ = {isa = PBXBuildFile; fileRef = 920053BA5BCB883FC1B74DC0 /* libPods-debetMarketUITests.a */; };
		FF02B8DEF24E6FA48E0C866A /* libPods-debetMarket.a in Frameworks */ = {isa = PBXBuildFile; fileRef = FCB7E6F8468EAAEB58274994 /* libPods-debetMarket.a */; };
/* End PBXBuildFile section */

/* Begin PBXContainerItemProxy section */
		EFF9EA7C1F9599F400E61B11 /* PBXContainerItemProxy */ = {
			isa = PBXContainerItemProxy;
			containerPortal = EFF9EA5B1F9599F400E61B11 /* Project object */;
			proxyType = 1;
			remoteGlobalIDString = EFF9EA621F9599F400E61B11;
			remoteInfo = debetMarket;
		};
		EFF9EA871F9599F400E61B11 /* PBXContainerItemProxy */ = {
			isa = PBXContainerItemProxy;
			containerPortal = EFF9EA5B1F9599F400E61B11 /* Project object */;
			proxyType = 1;
			remoteGlobalIDString = EFF9EA621F9599F400E61B11;
			remoteInfo = debetMarket;
		};
/* End PBXContainerItemProxy section */

/* Begin PBXFileReference section */
		0A20B97237A9C03DF8C2DBC1 /* Pods-debetMarket.release.xcconfig */ = {isa = PBXFileReference; includeInIndex = 1; lastKnownFileType = text.xcconfig; name = "Pods-debetMarket.release.xcconfig"; path = "Pods/Target Support Files/Pods-debetMarket/Pods-debetMarket.release.xcconfig"; sourceTree = "<group>"; };
		12000C941F9D87D800ECE3AE /* CenterViewCell.h */ = {isa = PBXFileReference; lastKnownFileType = sourcecode.c.h; path = CenterViewCell.h; sourceTree = "<group>"; };
		12000C951F9D87D800ECE3AE /* CenterViewCell.m */ = {isa = PBXFileReference; lastKnownFileType = sourcecode.c.objc; path = CenterViewCell.m; sourceTree = "<group>"; };
		12000C971F9D882D00ECE3AE /* HomeListModel.h */ = {isa = PBXFileReference; lastKnownFileType = sourcecode.c.h; path = HomeListModel.h; sourceTree = "<group>"; };
		12000C981F9D882D00ECE3AE /* HomeListModel.m */ = {isa = PBXFileReference; lastKnownFileType = sourcecode.c.objc; path = HomeListModel.m; sourceTree = "<group>"; };
		12000C9E1F9DD62600ECE3AE /* LoginView.h */ = {isa = PBXFileReference; lastKnownFileType = sourcecode.c.h; path = LoginView.h; sourceTree = "<group>"; };
		12000C9F1F9DD62600ECE3AE /* LoginView.m */ = {isa = PBXFileReference; lastKnownFileType = sourcecode.c.objc; path = LoginView.m; sourceTree = "<group>"; };
		12000CA31F9DD9FB00ECE3AE /* BackView.h */ = {isa = PBXFileReference; lastKnownFileType = sourcecode.c.h; path = BackView.h; sourceTree = "<group>"; };
		12000CA41F9DD9FB00ECE3AE /* BackView.m */ = {isa = PBXFileReference; lastKnownFileType = sourcecode.c.objc; path = BackView.m; sourceTree = "<group>"; };
		120440341FA082DD006EE6B0 /* BannerInfo.h */ = {isa = PBXFileReference; lastKnownFileType = sourcecode.c.h; path = BannerInfo.h; sourceTree = "<group>"; };
		120440351FA082DD006EE6B0 /* BannerInfo.m */ = {isa = PBXFileReference; lastKnownFileType = sourcecode.c.objc; path = BannerInfo.m; sourceTree = "<group>"; };
		120440371FA0835B006EE6B0 /* UserInfo.h */ = {isa = PBXFileReference; lastKnownFileType = sourcecode.c.h; path = UserInfo.h; sourceTree = "<group>"; };
		120440381FA0835B006EE6B0 /* UserInfo.m */ = {isa = PBXFileReference; lastKnownFileType = sourcecode.c.objc; path = UserInfo.m; sourceTree = "<group>"; };
		1208DCD01F9AEA3800524BB4 /* NewProductTitle.h */ = {isa = PBXFileReference; lastKnownFileType = sourcecode.c.h; path = NewProductTitle.h; sourceTree = "<group>"; };
		1208DCD11F9AEA3800524BB4 /* NewProductTitle.m */ = {isa = PBXFileReference; lastKnownFileType = sourcecode.c.objc; path = NewProductTitle.m; sourceTree = "<group>"; };
		1208DCD51F9AF79F00524BB4 /* FourFormView.h */ = {isa = PBXFileReference; lastKnownFileType = sourcecode.c.h; path = FourFormView.h; sourceTree = "<group>"; };
		1208DCD61F9AF79F00524BB4 /* FourFormView.m */ = {isa = PBXFileReference; lastKnownFileType = sourcecode.c.objc; path = FourFormView.m; sourceTree = "<group>"; };
		1208DCD91F9AF89600524BB4 /* DebetTableViewController.h */ = {isa = PBXFileReference; lastKnownFileType = sourcecode.c.h; path = DebetTableViewController.h; sourceTree = "<group>"; };
		1208DCDA1F9AF89600524BB4 /* DebetTableViewController.m */ = {isa = PBXFileReference; lastKnownFileType = sourcecode.c.objc; path = DebetTableViewController.m; sourceTree = "<group>"; };
		1208DCDE1F9AF96500524BB4 /* HeadIconView.h */ = {isa = PBXFileReference; lastKnownFileType = sourcecode.c.h; path = HeadIconView.h; sourceTree = "<group>"; };
		1208DCDF1F9AF96500524BB4 /* HeadIconView.m */ = {isa = PBXFileReference; lastKnownFileType = sourcecode.c.objc; path = HeadIconView.m; sourceTree = "<group>"; };
		1208DCE11F9B019D00524BB4 /* DebetTableViewCell.h */ = {isa = PBXFileReference; lastKnownFileType = sourcecode.c.h; path = DebetTableViewCell.h; sourceTree = "<group>"; };
		1208DCE21F9B019D00524BB4 /* DebetTableViewCell.m */ = {isa = PBXFileReference; lastKnownFileType = sourcecode.c.objc; path = DebetTableViewCell.m; sourceTree = "<group>"; };
		1208DCEC1F9B0BEA00524BB4 /* ContentTableViewCell.h */ = {isa = PBXFileReference; lastKnownFileType = sourcecode.c.h; path = ContentTableViewCell.h; sourceTree = "<group>"; };
		1208DCED1F9B0BEA00524BB4 /* ContentTableViewCell.m */ = {isa = PBXFileReference; lastKnownFileType = sourcecode.c.objc; path = ContentTableViewCell.m; sourceTree = "<group>"; };
		1208DCEE1F9B0BEA00524BB4 /* ContentTableViewCell.xib */ = {isa = PBXFileReference; lastKnownFileType = file.xib; path = ContentTableViewCell.xib; sourceTree = "<group>"; };
		1208DCF11F9B0FD500524BB4 /* PushWebViewController.m */ = {isa = PBXFileReference; fileEncoding = 4; lastKnownFileType = sourcecode.c.objc; path = PushWebViewController.m; sourceTree = "<group>"; };
		1208DCF21F9B0FD500524BB4 /* PushWebViewController.h */ = {isa = PBXFileReference; fileEncoding = 4; lastKnownFileType = sourcecode.c.h; path = PushWebViewController.h; sourceTree = "<group>"; };
		120AE8DF1FAAF44D00399257 /* AppTableViewCell.h */ = {isa = PBXFileReference; lastKnownFileType = sourcecode.c.h; path = AppTableViewCell.h; sourceTree = "<group>"; };
		120AE8E01FAAF44D00399257 /* AppTableViewCell.m */ = {isa = PBXFileReference; lastKnownFileType = sourcecode.c.objc; path = AppTableViewCell.m; sourceTree = "<group>"; };
		120AE8E31FAAF72500399257 /* AppListView.h */ = {isa = PBXFileReference; lastKnownFileType = sourcecode.c.h; path = AppListView.h; sourceTree = "<group>"; };
		120AE8E41FAAF72500399257 /* AppListView.m */ = {isa = PBXFileReference; lastKnownFileType = sourcecode.c.objc; path = AppListView.m; sourceTree = "<group>"; };
		1217F2761FA0381A001FCB27 /* DebetDetailViewController.h */ = {isa = PBXFileReference; lastKnownFileType = sourcecode.c.h; path = DebetDetailViewController.h; sourceTree = "<group>"; };
		1217F2771FA0381A001FCB27 /* DebetDetailViewController.m */ = {isa = PBXFileReference; lastKnownFileType = sourcecode.c.objc; path = DebetDetailViewController.m; sourceTree = "<group>"; };
		1229DA151FA7431400C97938 /* LICENSE */ = {isa = PBXFileReference; fileEncoding = 4; lastKnownFileType = text; path = LICENSE; sourceTree = "<group>"; };
		1229DA161FA7431400C97938 /* README.md */ = {isa = PBXFileReference; fileEncoding = 4; lastKnownFileType = net.daringfireball.markdown; path = README.md; sourceTree = "<group>"; };
		1229DA181FA7431400C97938 /* NSData+ImageContentType.h */ = {isa = PBXFileReference; fileEncoding = 4; lastKnownFileType = sourcecode.c.h; path = "NSData+ImageContentType.h"; sourceTree = "<group>"; };
		1229DA191FA7431400C97938 /* NSData+ImageContentType.m */ = {isa = PBXFileReference; fileEncoding = 4; lastKnownFileType = sourcecode.c.objc; path = "NSData+ImageContentType.m"; sourceTree = "<group>"; };
		1229DA1A1FA7431400C97938 /* SDImageCache.h */ = {isa = PBXFileReference; fileEncoding = 4; lastKnownFileType = sourcecode.c.h; path = SDImageCache.h; sourceTree = "<group>"; };
		1229DA1B1FA7431400C97938 /* SDImageCache.m */ = {isa = PBXFileReference; fileEncoding = 4; lastKnownFileType = sourcecode.c.objc; path = SDImageCache.m; sourceTree = "<group>"; };
		1229DA1C1FA7431400C97938 /* SDWebImageCompat.h */ = {isa = PBXFileReference; fileEncoding = 4; lastKnownFileType = sourcecode.c.h; path = SDWebImageCompat.h; sourceTree = "<group>"; };
		1229DA1D1FA7431400C97938 /* SDWebImageCompat.m */ = {isa = PBXFileReference; fileEncoding = 4; lastKnownFileType = sourcecode.c.objc; path = SDWebImageCompat.m; sourceTree = "<group>"; };
		1229DA1E1FA7431400C97938 /* SDWebImageDecoder.h */ = {isa = PBXFileReference; fileEncoding = 4; lastKnownFileType = sourcecode.c.h; path = SDWebImageDecoder.h; sourceTree = "<group>"; };
		1229DA1F1FA7431400C97938 /* SDWebImageDecoder.m */ = {isa = PBXFileReference; fileEncoding = 4; lastKnownFileType = sourcecode.c.objc; path = SDWebImageDecoder.m; sourceTree = "<group>"; };
		1229DA201FA7431400C97938 /* SDWebImageDownloader.h */ = {isa = PBXFileReference; fileEncoding = 4; lastKnownFileType = sourcecode.c.h; path = SDWebImageDownloader.h; sourceTree = "<group>"; };
		1229DA211FA7431400C97938 /* SDWebImageDownloader.m */ = {isa = PBXFileReference; fileEncoding = 4; lastKnownFileType = sourcecode.c.objc; path = SDWebImageDownloader.m; sourceTree = "<group>"; };
		1229DA221FA7431400C97938 /* SDWebImageDownloaderOperation.h */ = {isa = PBXFileReference; fileEncoding = 4; lastKnownFileType = sourcecode.c.h; path = SDWebImageDownloaderOperation.h; sourceTree = "<group>"; };
		1229DA231FA7431400C97938 /* SDWebImageDownloaderOperation.m */ = {isa = PBXFileReference; fileEncoding = 4; lastKnownFileType = sourcecode.c.objc; path = SDWebImageDownloaderOperation.m; sourceTree = "<group>"; };
		1229DA241FA7431400C97938 /* SDWebImageManager.h */ = {isa = PBXFileReference; fileEncoding = 4; lastKnownFileType = sourcecode.c.h; path = SDWebImageManager.h; sourceTree = "<group>"; };
		1229DA251FA7431400C97938 /* SDWebImageManager.m */ = {isa = PBXFileReference; fileEncoding = 4; lastKnownFileType = sourcecode.c.objc; path = SDWebImageManager.m; sourceTree = "<group>"; };
		1229DA261FA7431400C97938 /* SDWebImageOperation.h */ = {isa = PBXFileReference; fileEncoding = 4; lastKnownFileType = sourcecode.c.h; path = SDWebImageOperation.h; sourceTree = "<group>"; };
		1229DA271FA7431400C97938 /* SDWebImagePrefetcher.h */ = {isa = PBXFileReference; fileEncoding = 4; lastKnownFileType = sourcecode.c.h; path = SDWebImagePrefetcher.h; sourceTree = "<group>"; };
		1229DA281FA7431400C97938 /* SDWebImagePrefetcher.m */ = {isa = PBXFileReference; fileEncoding = 4; lastKnownFileType = sourcecode.c.objc; path = SDWebImagePrefetcher.m; sourceTree = "<group>"; };
		1229DA291FA7431400C97938 /* UIButton+WebCache.h */ = {isa = PBXFileReference; fileEncoding = 4; lastKnownFileType = sourcecode.c.h; path = "UIButton+WebCache.h"; sourceTree = "<group>"; };
		1229DA2A1FA7431400C97938 /* UIButton+WebCache.m */ = {isa = PBXFileReference; fileEncoding = 4; lastKnownFileType = sourcecode.c.objc; path = "UIButton+WebCache.m"; sourceTree = "<group>"; };
		1229DA2B1FA7431400C97938 /* UIImage+GIF.h */ = {isa = PBXFileReference; fileEncoding = 4; lastKnownFileType = sourcecode.c.h; path = "UIImage+GIF.h"; sourceTree = "<group>"; };
		1229DA2C1FA7431400C97938 /* UIImage+GIF.m */ = {isa = PBXFileReference; fileEncoding = 4; lastKnownFileType = sourcecode.c.objc; path = "UIImage+GIF.m"; sourceTree = "<group>"; };
		1229DA2D1FA7431400C97938 /* UIImage+MultiFormat.h */ = {isa = PBXFileReference; fileEncoding = 4; lastKnownFileType = sourcecode.c.h; path = "UIImage+MultiFormat.h"; sourceTree = "<group>"; };
		1229DA2E1FA7431400C97938 /* UIImage+MultiFormat.m */ = {isa = PBXFileReference; fileEncoding = 4; lastKnownFileType = sourcecode.c.objc; path = "UIImage+MultiFormat.m"; sourceTree = "<group>"; };
		1229DA2F1FA7431400C97938 /* UIImageView+HighlightedWebCache.h */ = {isa = PBXFileReference; fileEncoding = 4; lastKnownFileType = sourcecode.c.h; path = "UIImageView+HighlightedWebCache.h"; sourceTree = "<group>"; };
		1229DA301FA7431400C97938 /* UIImageView+HighlightedWebCache.m */ = {isa = PBXFileReference; fileEncoding = 4; lastKnownFileType = sourcecode.c.objc; path = "UIImageView+HighlightedWebCache.m"; sourceTree = "<group>"; };
		1229DA311FA7431400C97938 /* UIImageView+WebCache.h */ = {isa = PBXFileReference; fileEncoding = 4; lastKnownFileType = sourcecode.c.h; path = "UIImageView+WebCache.h"; sourceTree = "<group>"; };
		1229DA321FA7431400C97938 /* UIImageView+WebCache.m */ = {isa = PBXFileReference; fileEncoding = 4; lastKnownFileType = sourcecode.c.objc; path = "UIImageView+WebCache.m"; sourceTree = "<group>"; };
		1229DA331FA7431400C97938 /* UIView+WebCacheOperation.h */ = {isa = PBXFileReference; fileEncoding = 4; lastKnownFileType = sourcecode.c.h; path = "UIView+WebCacheOperation.h"; sourceTree = "<group>"; };
		1229DA341FA7431400C97938 /* UIView+WebCacheOperation.m */ = {isa = PBXFileReference; fileEncoding = 4; lastKnownFileType = sourcecode.c.objc; path = "UIView+WebCacheOperation.m"; sourceTree = "<group>"; };
		1229DA461FA7493200C97938 /* CateGoryModel.h */ = {isa = PBXFileReference; lastKnownFileType = sourcecode.c.h; path = CateGoryModel.h; sourceTree = "<group>"; };
		1229DA471FA7493200C97938 /* CateGoryModel.m */ = {isa = PBXFileReference; lastKnownFileType = sourcecode.c.objc; path = CateGoryModel.m; sourceTree = "<group>"; };
		122B797C1FA6D32A0023FDA2 /* FourListTableViewCell.h */ = {isa = PBXFileReference; lastKnownFileType = sourcecode.c.h; path = FourListTableViewCell.h; sourceTree = "<group>"; };
		122B797D1FA6D32A0023FDA2 /* FourListTableViewCell.m */ = {isa = PBXFileReference; lastKnownFileType = sourcecode.c.objc; path = FourListTableViewCell.m; sourceTree = "<group>"; };
		122B79811FA702CC0023FDA2 /* HotListView.h */ = {isa = PBXFileReference; lastKnownFileType = sourcecode.c.h; path = HotListView.h; sourceTree = "<group>"; };
		122B79821FA702CC0023FDA2 /* HotListView.m */ = {isa = PBXFileReference; lastKnownFileType = sourcecode.c.objc; path = HotListView.m; sourceTree = "<group>"; };
		123002CE1FA740DA0078E0A6 /* libSDWebImage.a */ = {isa = PBXFileReference; explicitFileType = archive.ar; path = libSDWebImage.a; sourceTree = BUILT_PRODUCTS_DIR; };
		123032561FA2D7E000412BD5 /* blankpage_button_reload@2x.png */ = {isa = PBXFileReference; lastKnownFileType = image.png; path = "blankpage_button_reload@2x.png"; sourceTree = "<group>"; };
		123032571FA2D7E000412BD5 /* UIView+EaseBlankPage.h */ = {isa = PBXFileReference; fileEncoding = 4; lastKnownFileType = sourcecode.c.h; path = "UIView+EaseBlankPage.h"; sourceTree = "<group>"; };
		123032581FA2D7E000412BD5 /* UIView+EaseBlankPage.m */ = {isa = PBXFileReference; fileEncoding = 4; lastKnownFileType = sourcecode.c.objc; path = "UIView+EaseBlankPage.m"; sourceTree = "<group>"; };
		123032591FA2D7E000412BD5 /* UIView+LoadView.h */ = {isa = PBXFileReference; fileEncoding = 4; lastKnownFileType = sourcecode.c.h; path = "UIView+LoadView.h"; sourceTree = "<group>"; };
		1230325A1FA2D7E000412BD5 /* UIView+LoadView.m */ = {isa = PBXFileReference; fileEncoding = 4; lastKnownFileType = sourcecode.c.objc; path = "UIView+LoadView.m"; sourceTree = "<group>"; };
		1230325B1FA2D7E000412BD5 /* XZEaseBlankPageView.h */ = {isa = PBXFileReference; fileEncoding = 4; lastKnownFileType = sourcecode.c.h; path = XZEaseBlankPageView.h; sourceTree = "<group>"; };
		1230325C1FA2D7E000412BD5 /* XZEaseBlankPageView.m */ = {isa = PBXFileReference; fileEncoding = 4; lastKnownFileType = sourcecode.c.objc; path = XZEaseBlankPageView.m; sourceTree = "<group>"; };
		1230325D1FA2D7E000412BD5 /* XZLoadView.h */ = {isa = PBXFileReference; fileEncoding = 4; lastKnownFileType = sourcecode.c.h; path = XZLoadView.h; sourceTree = "<group>"; };
		1230325E1FA2D7E000412BD5 /* XZLoadView.m */ = {isa = PBXFileReference; fileEncoding = 4; lastKnownFileType = sourcecode.c.objc; path = XZLoadView.m; sourceTree = "<group>"; };
		123032641FA2DE4100412BD5 /* UIView+SetLayer.h */ = {isa = PBXFileReference; fileEncoding = 4; lastKnownFileType = sourcecode.c.h; path = "UIView+SetLayer.h"; sourceTree = "<group>"; };
		123032651FA2DE4100412BD5 /* UIView+SetLayer.m */ = {isa = PBXFileReference; fileEncoding = 4; lastKnownFileType = sourcecode.c.objc; path = "UIView+SetLayer.m"; sourceTree = "<group>"; };
		123032671FA2DE4E00412BD5 /* UIColor+FlatUI.h */ = {isa = PBXFileReference; fileEncoding = 4; lastKnownFileType = sourcecode.c.h; path = "UIColor+FlatUI.h"; sourceTree = "<group>"; };
		123032681FA2DE4E00412BD5 /* UIColor+FlatUI.m */ = {isa = PBXFileReference; fileEncoding = 4; lastKnownFileType = sourcecode.c.objc; path = "UIColor+FlatUI.m"; sourceTree = "<group>"; };
		124BBB5F1F9F1788007CEAF8 /* LoginViewController.h */ = {isa = PBXFileReference; lastKnownFileType = sourcecode.c.h; path = LoginViewController.h; sourceTree = "<group>"; };
		124BBB601F9F1788007CEAF8 /* LoginViewController.m */ = {isa = PBXFileReference; lastKnownFileType = sourcecode.c.objc; path = LoginViewController.m; sourceTree = "<group>"; };
		12645F831F9B12DD00E758BD /* ADView.m */ = {isa = PBXFileReference; fileEncoding = 4; lastKnownFileType = sourcecode.c.objc; path = ADView.m; sourceTree = "<group>"; };
		12645F841F9B12DD00E758BD /* ADView.h */ = {isa = PBXFileReference; fileEncoding = 4; lastKnownFileType = sourcecode.c.h; path = ADView.h; sourceTree = "<group>"; };
		1269311B1F998EDE00F6D414 /* MineViewController.h */ = {isa = PBXFileReference; lastKnownFileType = sourcecode.c.h; path = MineViewController.h; sourceTree = "<group>"; };
		1269311C1F998EDE00F6D414 /* MineViewController.m */ = {isa = PBXFileReference; lastKnownFileType = sourcecode.c.objc; path = MineViewController.m; sourceTree = "<group>"; };
		1269311E1F99AB0D00F6D414 /* HomeTopView.h */ = {isa = PBXFileReference; lastKnownFileType = sourcecode.c.h; path = HomeTopView.h; sourceTree = "<group>"; };
		1269311F1F99AB0D00F6D414 /* HomeTopView.m */ = {isa = PBXFileReference; lastKnownFileType = sourcecode.c.objc; path = HomeTopView.m; sourceTree = "<group>"; };
		126931211F99AB6500F6D414 /* HomeTopView.xib */ = {isa = PBXFileReference; lastKnownFileType = file.xib; path = HomeTopView.xib; sourceTree = "<group>"; };
		126931231F99D15600F6D414 /* HotPublish.h */ = {isa = PBXFileReference; lastKnownFileType = sourcecode.c.h; path = HotPublish.h; sourceTree = "<group>"; };
		126931241F99D15600F6D414 /* HotPublish.m */ = {isa = PBXFileReference; lastKnownFileType = sourcecode.c.objc; path = HotPublish.m; sourceTree = "<group>"; };
		126931251F99D15600F6D414 /* HotPublish.xib */ = {isa = PBXFileReference; lastKnownFileType = file.xib; path = HotPublish.xib; sourceTree = "<group>"; };
		126931281F99DF2300F6D414 /* CircleBannerView.h */ = {isa = PBXFileReference; fileEncoding = 4; lastKnownFileType = sourcecode.c.h; path = CircleBannerView.h; sourceTree = "<group>"; };
		126931291F99DF2300F6D414 /* CircleBannerView.m */ = {isa = PBXFileReference; fileEncoding = 4; lastKnownFileType = sourcecode.c.objc; path = CircleBannerView.m; sourceTree = "<group>"; };
		1269312B1F99E24400F6D414 /* ContentView.h */ = {isa = PBXFileReference; lastKnownFileType = sourcecode.c.h; path = ContentView.h; sourceTree = "<group>"; };
		1269312C1F99E24400F6D414 /* ContentView.m */ = {isa = PBXFileReference; lastKnownFileType = sourcecode.c.objc; path = ContentView.m; sourceTree = "<group>"; };
		126931331F99EE5800F6D414 /* ListTableViewCell.h */ = {isa = PBXFileReference; lastKnownFileType = sourcecode.c.h; path = ListTableViewCell.h; sourceTree = "<group>"; };
		126931341F99EE5800F6D414 /* ListTableViewCell.m */ = {isa = PBXFileReference; lastKnownFileType = sourcecode.c.objc; path = ListTableViewCell.m; sourceTree = "<group>"; };
		126931361F99F1EF00F6D414 /* NewProductTableViewCell.h */ = {isa = PBXFileReference; lastKnownFileType = sourcecode.c.h; path = NewProductTableViewCell.h; sourceTree = "<group>"; };
		126931371F99F1EF00F6D414 /* NewProductTableViewCell.m */ = {isa = PBXFileReference; lastKnownFileType = sourcecode.c.objc; path = NewProductTableViewCell.m; sourceTree = "<group>"; };
		126931381F99F1EF00F6D414 /* NewProductTableViewCell.xib */ = {isa = PBXFileReference; lastKnownFileType = file.xib; path = NewProductTableViewCell.xib; sourceTree = "<group>"; };
		1269313B1F99FBE200F6D414 /* TestView.h */ = {isa = PBXFileReference; lastKnownFileType = sourcecode.c.h; path = TestView.h; sourceTree = "<group>"; };
		1269313C1F99FBE200F6D414 /* TestView.m */ = {isa = PBXFileReference; lastKnownFileType = sourcecode.c.objc; path = TestView.m; sourceTree = "<group>"; };
		128AF64A1F9F2BCF0076E0DD /* HTTableViewCell.h */ = {isa = PBXFileReference; lastKnownFileType = sourcecode.c.h; path = HTTableViewCell.h; sourceTree = "<group>"; };
		128AF64B1F9F2BCF0076E0DD /* HTTableViewCell.m */ = {isa = PBXFileReference; lastKnownFileType = sourcecode.c.objc; path = HTTableViewCell.m; sourceTree = "<group>"; };
		128AF64E1F9F2E570076E0DD /* SettingViewController.h */ = {isa = PBXFileReference; lastKnownFileType = sourcecode.c.h; path = SettingViewController.h; sourceTree = "<group>"; };
		128AF64F1F9F2E570076E0DD /* SettingViewController.m */ = {isa = PBXFileReference; lastKnownFileType = sourcecode.c.objc; path = SettingViewController.m; sourceTree = "<group>"; };
		12934AFF1F975B310090B36F /* Base64Util.h */ = {isa = PBXFileReference; fileEncoding = 4; lastKnownFileType = sourcecode.c.h; path = Base64Util.h; sourceTree = "<group>"; };
		12934B001F975B310090B36F /* Base64Util.m */ = {isa = PBXFileReference; fileEncoding = 4; lastKnownFileType = sourcecode.c.objc; path = Base64Util.m; sourceTree = "<group>"; };
		12934B011F975B310090B36F /* GTMBase64.h */ = {isa = PBXFileReference; fileEncoding = 4; lastKnownFileType = sourcecode.c.h; path = GTMBase64.h; sourceTree = "<group>"; };
		12934B021F975B310090B36F /* GTMBase64.m */ = {isa = PBXFileReference; fileEncoding = 4; lastKnownFileType = sourcecode.c.objc; path = GTMBase64.m; sourceTree = "<group>"; };
		12934B031F975B310090B36F /* GTMDefines.h */ = {isa = PBXFileReference; fileEncoding = 4; lastKnownFileType = sourcecode.c.h; path = GTMDefines.h; sourceTree = "<group>"; };
		12934B041F975B310090B36F /* MD5Encryption.h */ = {isa = PBXFileReference; fileEncoding = 4; lastKnownFileType = sourcecode.c.h; path = MD5Encryption.h; sourceTree = "<group>"; };
		12934B051F975B310090B36F /* MD5Encryption.m */ = {isa = PBXFileReference; fileEncoding = 4; lastKnownFileType = sourcecode.c.objc; path = MD5Encryption.m; sourceTree = "<group>"; };
		12F33A211FA0285C00018F71 /* UIBarButtonItem+LHB.h */ = {isa = PBXFileReference; fileEncoding = 4; lastKnownFileType = sourcecode.c.h; path = "UIBarButtonItem+LHB.h"; sourceTree = "<group>"; };
		12F33A221FA0285D00018F71 /* UIBarButtonItem+LHB.m */ = {isa = PBXFileReference; fileEncoding = 4; lastKnownFileType = sourcecode.c.objc; path = "UIBarButtonItem+LHB.m"; sourceTree = "<group>"; };
		12FCBE931FA84BC200BF29BF /* HS_address.plist */ = {isa = PBXFileReference; lastKnownFileType = file.bplist; path = HS_address.plist; sourceTree = "<group>"; };
		12FCBE941FA84BC200BF29BF /* HSAddressPickerVC.h */ = {isa = PBXFileReference; fileEncoding = 4; lastKnownFileType = sourcecode.c.h; path = HSAddressPickerVC.h; sourceTree = "<group>"; };
		12FCBE951FA84BC200BF29BF /* HSAddressPickerVC.m */ = {isa = PBXFileReference; fileEncoding = 4; lastKnownFileType = sourcecode.c.objc; path = HSAddressPickerVC.m; sourceTree = "<group>"; };
		12FCBE961FA84BC200BF29BF /* HSBasePickerVC.h */ = {isa = PBXFileReference; fileEncoding = 4; lastKnownFileType = sourcecode.c.h; path = HSBasePickerVC.h; sourceTree = "<group>"; };
		12FCBE971FA84BC200BF29BF /* HSBasePickerVC.m */ = {isa = PBXFileReference; fileEncoding = 4; lastKnownFileType = sourcecode.c.objc; path = HSBasePickerVC.m; sourceTree = "<group>"; };
		12FCBE981FA84BC200BF29BF /* HSDatePickerVC.h */ = {isa = PBXFileReference; fileEncoding = 4; lastKnownFileType = sourcecode.c.h; path = HSDatePickerVC.h; sourceTree = "<group>"; };
		12FCBE991FA84BC200BF29BF /* HSDatePickerVC.m */ = {isa = PBXFileReference; fileEncoding = 4; lastKnownFileType = sourcecode.c.objc; path = HSDatePickerVC.m; sourceTree = "<group>"; };
		12FCBE9A1FA84BC200BF29BF /* HSGenderPickerVC.h */ = {isa = PBXFileReference; fileEncoding = 4; lastKnownFileType = sourcecode.c.h; path = HSGenderPickerVC.h; sourceTree = "<group>"; };
		12FCBE9B1FA84BC200BF29BF /* HSGenderPickerVC.m */ = {isa = PBXFileReference; fileEncoding = 4; lastKnownFileType = sourcecode.c.objc; path = HSGenderPickerVC.m; sourceTree = "<group>"; };
		12FCBE9C1FA84BC200BF29BF /* HSPickerViewTestVC.storyboard */ = {isa = PBXFileReference; fileEncoding = 4; lastKnownFileType = file.storyboard; path = HSPickerViewTestVC.storyboard; sourceTree = "<group>"; };
		12FCBE9D1FA84BC200BF29BF /* NSDate+Date.h */ = {isa = PBXFileReference; fileEncoding = 4; lastKnownFileType = sourcecode.c.h; path = "NSDate+Date.h"; sourceTree = "<group>"; };
		12FCBE9E1FA84BC200BF29BF /* NSDate+Date.m */ = {isa = PBXFileReference; fileEncoding = 4; lastKnownFileType = sourcecode.c.objc; path = "NSDate+Date.m"; sourceTree = "<group>"; };
		32A5DF793F2D5546A068DD8A /* Pods-debetMarket.debug.xcconfig */ = {isa = PBXFileReference; includeInIndex = 1; lastKnownFileType = text.xcconfig; name = "Pods-debetMarket.debug.xcconfig"; path = "Pods/Target Support Files/Pods-debetMarket/Pods-debetMarket.debug.xcconfig"; sourceTree = "<group>"; };
		5EA340D942C0101693E82C7A /* Pods-debetMarketTests.debug.xcconfig */ = {isa = PBXFileReference; includeInIndex = 1; lastKnownFileType = text.xcconfig; name = "Pods-debetMarketTests.debug.xcconfig"; path = "Pods/Target Support Files/Pods-debetMarketTests/Pods-debetMarketTests.debug.xcconfig"; sourceTree = "<group>"; };
		920053BA5BCB883FC1B74DC0 /* libPods-debetMarketUITests.a */ = {isa = PBXFileReference; explicitFileType = archive.ar; includeInIndex = 0; path = "libPods-debetMarketUITests.a"; sourceTree = BUILT_PRODUCTS_DIR; };
		9BF72535AB4176F765B16B16 /* Pods-debetMarketTests.release.xcconfig */ = {isa = PBXFileReference; includeInIndex = 1; lastKnownFileType = text.xcconfig; name = "Pods-debetMarketTests.release.xcconfig"; path = "Pods/Target Support Files/Pods-debetMarketTests/Pods-debetMarketTests.release.xcconfig"; sourceTree = "<group>"; };
		BCBC36BFC89A391BC36C09E3 /* Pods-debetMarketUITests.debug.xcconfig */ = {isa = PBXFileReference; includeInIndex = 1; lastKnownFileType = text.xcconfig; name = "Pods-debetMarketUITests.debug.xcconfig"; path = "Pods/Target Support Files/Pods-debetMarketUITests/Pods-debetMarketUITests.debug.xcconfig"; sourceTree = "<group>"; };
		E34349F584726193ABCD74ED /* Pods-debetMarketUITests.release.xcconfig */ = {isa = PBXFileReference; includeInIndex = 1; lastKnownFileType = text.xcconfig; name = "Pods-debetMarketUITests.release.xcconfig"; path = "Pods/Target Support Files/Pods-debetMarketUITests/Pods-debetMarketUITests.release.xcconfig"; sourceTree = "<group>"; };
		EF6C686D1F95A40500DB3871 /* HomeViewController.m */ = {isa = PBXFileReference; lastKnownFileType = sourcecode.c.objc; path = HomeViewController.m; sourceTree = "<group>"; };
		EF6C686E1F95A40500DB3871 /* HomeViewController.h */ = {isa = PBXFileReference; lastKnownFileType = sourcecode.c.h; path = HomeViewController.h; sourceTree = "<group>"; };
		EF6C68721F95A4D300DB3871 /* HTViewController.h */ = {isa = PBXFileReference; lastKnownFileType = sourcecode.c.h; path = HTViewController.h; sourceTree = "<group>"; };
		EF6C68731F95A4D300DB3871 /* HTViewController.m */ = {isa = PBXFileReference; lastKnownFileType = sourcecode.c.objc; path = HTViewController.m; sourceTree = "<group>"; };
		EF6C68751F95A53500DB3871 /* HTTableViewController.h */ = {isa = PBXFileReference; lastKnownFileType = sourcecode.c.h; path = HTTableViewController.h; sourceTree = "<group>"; };
		EF6C68761F95A53500DB3871 /* HTTableViewController.m */ = {isa = PBXFileReference; lastKnownFileType = sourcecode.c.objc; path = HTTableViewController.m; sourceTree = "<group>"; };
		EF6C68781F95A7D600DB3871 /* HTTabBarController.h */ = {isa = PBXFileReference; lastKnownFileType = sourcecode.c.h; path = HTTabBarController.h; sourceTree = "<group>"; };
		EF6C68791F95A7D600DB3871 /* HTTabBarController.m */ = {isa = PBXFileReference; lastKnownFileType = sourcecode.c.objc; path = HTTabBarController.m; sourceTree = "<group>"; };
		EFEBD07C1F95DC26003F3F41 /* HTAFHTTPSessionManager.h */ = {isa = PBXFileReference; lastKnownFileType = sourcecode.c.h; path = HTAFHTTPSessionManager.h; sourceTree = "<group>"; };
		EFEBD07D1F95DC26003F3F41 /* HTAFHTTPSessionManager.m */ = {isa = PBXFileReference; lastKnownFileType = sourcecode.c.objc; path = HTAFHTTPSessionManager.m; sourceTree = "<group>"; };
		EFEBD0801F95DCE5003F3F41 /* PrefixHeader.pch */ = {isa = PBXFileReference; lastKnownFileType = sourcecode.c.h; path = PrefixHeader.pch; sourceTree = "<group>"; };
		EFEBD0811F95DFA4003F3F41 /* HTCommon.h */ = {isa = PBXFileReference; lastKnownFileType = sourcecode.c.h; path = HTCommon.h; sourceTree = "<group>"; };
		EFEBD0841F95E4C6003F3F41 /* HTNetworkingTool.m */ = {isa = PBXFileReference; fileEncoding = 4; lastKnownFileType = sourcecode.c.objc; path = HTNetworkingTool.m; sourceTree = "<group>"; };
		EFEBD0851F95E4C6003F3F41 /* HTNetworkingTool.h */ = {isa = PBXFileReference; fileEncoding = 4; lastKnownFileType = sourcecode.c.h; path = HTNetworkingTool.h; sourceTree = "<group>"; };
		EFEBD0881F95F033003F3F41 /* CityData.plist */ = {isa = PBXFileReference; fileEncoding = 4; lastKnownFileType = text.plist.xml; path = CityData.plist; sourceTree = "<group>"; };
		EFEBD0891F95F033003F3F41 /* TLCity.h */ = {isa = PBXFileReference; fileEncoding = 4; lastKnownFileType = sourcecode.c.h; path = TLCity.h; sourceTree = "<group>"; };
		EFEBD08A1F95F033003F3F41 /* TLCity.m */ = {isa = PBXFileReference; fileEncoding = 4; lastKnownFileType = sourcecode.c.objc; path = TLCity.m; sourceTree = "<group>"; };
		EFEBD08B1F95F033003F3F41 /* TLCityGroupCell.h */ = {isa = PBXFileReference; fileEncoding = 4; lastKnownFileType = sourcecode.c.h; path = TLCityGroupCell.h; sourceTree = "<group>"; };
		EFEBD08C1F95F033003F3F41 /* TLCityGroupCell.m */ = {isa = PBXFileReference; fileEncoding = 4; lastKnownFileType = sourcecode.c.objc; path = TLCityGroupCell.m; sourceTree = "<group>"; };
		EFEBD08D1F95F033003F3F41 /* TLCityHeaderView.h */ = {isa = PBXFileReference; fileEncoding = 4; lastKnownFileType = sourcecode.c.h; path = TLCityHeaderView.h; sourceTree = "<group>"; };
		EFEBD08E1F95F033003F3F41 /* TLCityHeaderView.m */ = {isa = PBXFileReference; fileEncoding = 4; lastKnownFileType = sourcecode.c.objc; path = TLCityHeaderView.m; sourceTree = "<group>"; };
		EFEBD08F1F95F033003F3F41 /* TLCityPickerController.h */ = {isa = PBXFileReference; fileEncoding = 4; lastKnownFileType = sourcecode.c.h; path = TLCityPickerController.h; sourceTree = "<group>"; };
		EFEBD0901F95F033003F3F41 /* TLCityPickerController.m */ = {isa = PBXFileReference; fileEncoding = 4; lastKnownFileType = sourcecode.c.objc; path = TLCityPickerController.m; sourceTree = "<group>"; };
		EFEBD0911F95F033003F3F41 /* TLCityPickerDelegate.h */ = {isa = PBXFileReference; fileEncoding = 4; lastKnownFileType = sourcecode.c.h; path = TLCityPickerDelegate.h; sourceTree = "<group>"; };
		EFEBD0921F95F033003F3F41 /* TLCityPickerSearchResultController.h */ = {isa = PBXFileReference; fileEncoding = 4; lastKnownFileType = sourcecode.c.h; path = TLCityPickerSearchResultController.h; sourceTree = "<group>"; };
		EFEBD0931F95F033003F3F41 /* TLCityPickerSearchResultController.m */ = {isa = PBXFileReference; fileEncoding = 4; lastKnownFileType = sourcecode.c.objc; path = TLCityPickerSearchResultController.m; sourceTree = "<group>"; };
		EFEBD09C1F95F7E0003F3F41 /* MyCoreLocation.h */ = {isa = PBXFileReference; fileEncoding = 4; lastKnownFileType = sourcecode.c.h; path = MyCoreLocation.h; sourceTree = "<group>"; };
		EFEBD09D1F95F7E0003F3F41 /* MyCoreLocation.m */ = {isa = PBXFileReference; fileEncoding = 4; lastKnownFileType = sourcecode.c.objc; path = MyCoreLocation.m; sourceTree = "<group>"; };
		EFEBD0A01F95FBEE003F3F41 /* HTCheckVersionTool.m */ = {isa = PBXFileReference; fileEncoding = 4; lastKnownFileType = sourcecode.c.objc; path = HTCheckVersionTool.m; sourceTree = "<group>"; };
		EFEBD0A21F95FBF3003F3F41 /* HTCheckVersionTool.h */ = {isa = PBXFileReference; fileEncoding = 4; lastKnownFileType = sourcecode.c.h; path = HTCheckVersionTool.h; sourceTree = "<group>"; };
		EFEBD0A81F974A91003F3F41 /* HTNavigationController.m */ = {isa = PBXFileReference; fileEncoding = 4; lastKnownFileType = sourcecode.c.objc; path = HTNavigationController.m; sourceTree = "<group>"; };
		EFEBD0A91F974A91003F3F41 /* HTNavigationController.h */ = {isa = PBXFileReference; fileEncoding = 4; lastKnownFileType = sourcecode.c.h; path = HTNavigationController.h; sourceTree = "<group>"; };
		EFF9EA631F9599F400E61B11 /* debetMarket.app */ = {isa = PBXFileReference; explicitFileType = wrapper.application; includeInIndex = 0; path = debetMarket.app; sourceTree = BUILT_PRODUCTS_DIR; };
		EFF9EA661F9599F400E61B11 /* AppDelegate.h */ = {isa = PBXFileReference; lastKnownFileType = sourcecode.c.h; path = AppDelegate.h; sourceTree = "<group>"; };
		EFF9EA671F9599F400E61B11 /* AppDelegate.m */ = {isa = PBXFileReference; lastKnownFileType = sourcecode.c.objc; path = AppDelegate.m; sourceTree = "<group>"; };
		EFF9EA6D1F9599F400E61B11 /* Base */ = {isa = PBXFileReference; lastKnownFileType = file.storyboard; name = Base; path = Base.lproj/Main.storyboard; sourceTree = "<group>"; };
		EFF9EA6F1F9599F400E61B11 /* Assets.xcassets */ = {isa = PBXFileReference; lastKnownFileType = folder.assetcatalog; path = Assets.xcassets; sourceTree = "<group>"; };
		EFF9EA721F9599F400E61B11 /* Base */ = {isa = PBXFileReference; lastKnownFileType = file.storyboard; name = Base; path = Base.lproj/LaunchScreen.storyboard; sourceTree = "<group>"; };
		EFF9EA741F9599F400E61B11 /* Info.plist */ = {isa = PBXFileReference; lastKnownFileType = text.plist.xml; path = Info.plist; sourceTree = "<group>"; };
		EFF9EA751F9599F400E61B11 /* main.m */ = {isa = PBXFileReference; lastKnownFileType = sourcecode.c.objc; path = main.m; sourceTree = "<group>"; };
		EFF9EA7B1F9599F400E61B11 /* debetMarketTests.xctest */ = {isa = PBXFileReference; explicitFileType = wrapper.cfbundle; includeInIndex = 0; path = debetMarketTests.xctest; sourceTree = BUILT_PRODUCTS_DIR; };
		EFF9EA7F1F9599F400E61B11 /* debetMarketTests.m */ = {isa = PBXFileReference; lastKnownFileType = sourcecode.c.objc; path = debetMarketTests.m; sourceTree = "<group>"; };
		EFF9EA811F9599F400E61B11 /* Info.plist */ = {isa = PBXFileReference; lastKnownFileType = text.plist.xml; path = Info.plist; sourceTree = "<group>"; };
		EFF9EA861F9599F400E61B11 /* debetMarketUITests.xctest */ = {isa = PBXFileReference; explicitFileType = wrapper.cfbundle; includeInIndex = 0; path = debetMarketUITests.xctest; sourceTree = BUILT_PRODUCTS_DIR; };
		EFF9EA8A1F9599F400E61B11 /* debetMarketUITests.m */ = {isa = PBXFileReference; lastKnownFileType = sourcecode.c.objc; path = debetMarketUITests.m; sourceTree = "<group>"; };
		EFF9EA8C1F9599F400E61B11 /* Info.plist */ = {isa = PBXFileReference; lastKnownFileType = text.plist.xml; path = Info.plist; sourceTree = "<group>"; };
		F9BAA840C0FADCD4EC04AF49 /* libPods-debetMarketTests.a */ = {isa = PBXFileReference; explicitFileType = archive.ar; includeInIndex = 0; path = "libPods-debetMarketTests.a"; sourceTree = BUILT_PRODUCTS_DIR; };
		FCB7E6F8468EAAEB58274994 /* libPods-debetMarket.a */ = {isa = PBXFileReference; explicitFileType = archive.ar; includeInIndex = 0; path = "libPods-debetMarket.a"; sourceTree = BUILT_PRODUCTS_DIR; };
/* End PBXFileReference section */

/* Begin PBXFrameworksBuildPhase section */
		EFF9EA601F9599F400E61B11 /* Frameworks */ = {
			isa = PBXFrameworksBuildPhase;
			buildActionMask = 2147483647;
			files = (
				FF02B8DEF24E6FA48E0C866A /* libPods-debetMarket.a in Frameworks */,
			);
			runOnlyForDeploymentPostprocessing = 0;
		};
		EFF9EA781F9599F400E61B11 /* Frameworks */ = {
			isa = PBXFrameworksBuildPhase;
			buildActionMask = 2147483647;
			files = (
				72EA155964C8A0852D673723 /* libPods-debetMarketTests.a in Frameworks */,
			);
			runOnlyForDeploymentPostprocessing = 0;
		};
		EFF9EA831F9599F400E61B11 /* Frameworks */ = {
			isa = PBXFrameworksBuildPhase;
			buildActionMask = 2147483647;
			files = (
				F9DEE5132BF77B923C513504 /* libPods-debetMarketUITests.a in Frameworks */,
			);
			runOnlyForDeploymentPostprocessing = 0;
		};
/* End PBXFrameworksBuildPhase section */

/* Begin PBXGroup section */
		12000C9D1F9DD5E000ECE3AE /* view */ = {
			isa = PBXGroup;
			children = (
				12000C9E1F9DD62600ECE3AE /* LoginView.h */,
				12000C9F1F9DD62600ECE3AE /* LoginView.m */,
				12000CA31F9DD9FB00ECE3AE /* BackView.h */,
				12000CA41F9DD9FB00ECE3AE /* BackView.m */,
			);
			path = view;
			sourceTree = "<group>";
		};
		120440331FA082CB006EE6B0 /* model */ = {
			isa = PBXGroup;
			children = (
				120440341FA082DD006EE6B0 /* BannerInfo.h */,
				120440351FA082DD006EE6B0 /* BannerInfo.m */,
				120440371FA0835B006EE6B0 /* UserInfo.h */,
				120440381FA0835B006EE6B0 /* UserInfo.m */,
			);
			path = model;
			sourceTree = "<group>";
		};
		1208DCD81F9AF85300524BB4 /* debet */ = {
			isa = PBXGroup;
			children = (
				1229DA451FA7490D00C97938 /* model */,
				1208DCDD1F9AF91200524BB4 /* view */,
				1208DCDC1F9AF90700524BB4 /* controller */,
			);
			path = debet;
			sourceTree = "<group>";
		};
		1208DCDC1F9AF90700524BB4 /* controller */ = {
			isa = PBXGroup;
			children = (
				1208DCD91F9AF89600524BB4 /* DebetTableViewController.h */,
				1208DCDA1F9AF89600524BB4 /* DebetTableViewController.m */,
				1217F2761FA0381A001FCB27 /* DebetDetailViewController.h */,
				1217F2771FA0381A001FCB27 /* DebetDetailViewController.m */,
			);
			path = controller;
			sourceTree = "<group>";
		};
		1208DCDD1F9AF91200524BB4 /* view */ = {
			isa = PBXGroup;
			children = (
				120AE8E21FAAF70500399257 /* appView */,
				1208DCDE1F9AF96500524BB4 /* HeadIconView.h */,
				1208DCDF1F9AF96500524BB4 /* HeadIconView.m */,
				1208DCE11F9B019D00524BB4 /* DebetTableViewCell.h */,
				1208DCE21F9B019D00524BB4 /* DebetTableViewCell.m */,
				1208DCEC1F9B0BEA00524BB4 /* ContentTableViewCell.h */,
				1208DCED1F9B0BEA00524BB4 /* ContentTableViewCell.m */,
				1208DCEE1F9B0BEA00524BB4 /* ContentTableViewCell.xib */,
			);
			path = view;
			sourceTree = "<group>";
		};
		120AE8E21FAAF70500399257 /* appView */ = {
			isa = PBXGroup;
			children = (
				120AE8DF1FAAF44D00399257 /* AppTableViewCell.h */,
				120AE8E01FAAF44D00399257 /* AppTableViewCell.m */,
				120AE8E31FAAF72500399257 /* AppListView.h */,
				120AE8E41FAAF72500399257 /* AppListView.m */,
			);
			path = appView;
			sourceTree = "<group>";
		};
		1229DA141FA7431400C97938 /* SDWebImage */ = {
			isa = PBXGroup;
			children = (
				1229DA151FA7431400C97938 /* LICENSE */,
				1229DA161FA7431400C97938 /* README.md */,
				1229DA171FA7431400C97938 /* SDWebImage */,
			);
			path = SDWebImage;
			sourceTree = "<group>";
		};
		1229DA171FA7431400C97938 /* SDWebImage */ = {
			isa = PBXGroup;
			children = (
				1229DA181FA7431400C97938 /* NSData+ImageContentType.h */,
				1229DA191FA7431400C97938 /* NSData+ImageContentType.m */,
				1229DA1A1FA7431400C97938 /* SDImageCache.h */,
				1229DA1B1FA7431400C97938 /* SDImageCache.m */,
				1229DA1C1FA7431400C97938 /* SDWebImageCompat.h */,
				1229DA1D1FA7431400C97938 /* SDWebImageCompat.m */,
				1229DA1E1FA7431400C97938 /* SDWebImageDecoder.h */,
				1229DA1F1FA7431400C97938 /* SDWebImageDecoder.m */,
				1229DA201FA7431400C97938 /* SDWebImageDownloader.h */,
				1229DA211FA7431400C97938 /* SDWebImageDownloader.m */,
				1229DA221FA7431400C97938 /* SDWebImageDownloaderOperation.h */,
				1229DA231FA7431400C97938 /* SDWebImageDownloaderOperation.m */,
				1229DA241FA7431400C97938 /* SDWebImageManager.h */,
				1229DA251FA7431400C97938 /* SDWebImageManager.m */,
				1229DA261FA7431400C97938 /* SDWebImageOperation.h */,
				1229DA271FA7431400C97938 /* SDWebImagePrefetcher.h */,
				1229DA281FA7431400C97938 /* SDWebImagePrefetcher.m */,
				1229DA291FA7431400C97938 /* UIButton+WebCache.h */,
				1229DA2A1FA7431400C97938 /* UIButton+WebCache.m */,
				1229DA2B1FA7431400C97938 /* UIImage+GIF.h */,
				1229DA2C1FA7431400C97938 /* UIImage+GIF.m */,
				1229DA2D1FA7431400C97938 /* UIImage+MultiFormat.h */,
				1229DA2E1FA7431400C97938 /* UIImage+MultiFormat.m */,
				1229DA2F1FA7431400C97938 /* UIImageView+HighlightedWebCache.h */,
				1229DA301FA7431400C97938 /* UIImageView+HighlightedWebCache.m */,
				1229DA311FA7431400C97938 /* UIImageView+WebCache.h */,
				1229DA321FA7431400C97938 /* UIImageView+WebCache.m */,
				1229DA331FA7431400C97938 /* UIView+WebCacheOperation.h */,
				1229DA341FA7431400C97938 /* UIView+WebCacheOperation.m */,
			);
			path = SDWebImage;
			sourceTree = "<group>";
		};
		1229DA451FA7490D00C97938 /* model */ = {
			isa = PBXGroup;
			children = (
				1229DA461FA7493200C97938 /* CateGoryModel.h */,
				1229DA471FA7493200C97938 /* CateGoryModel.m */,
			);
			path = model;
			sourceTree = "<group>";
		};
		122B79761FA6D03D0023FDA2 /* four */ = {
			isa = PBXGroup;
			children = (
				122B797C1FA6D32A0023FDA2 /* FourListTableViewCell.h */,
				122B797D1FA6D32A0023FDA2 /* FourListTableViewCell.m */,
				122B79811FA702CC0023FDA2 /* HotListView.h */,
				122B79821FA702CC0023FDA2 /* HotListView.m */,
			);
			path = four;
			sourceTree = "<group>";
		};
		123032551FA2D7E000412BD5 /* EaseBlankPage */ = {
			isa = PBXGroup;
			children = (
				123032671FA2DE4E00412BD5 /* UIColor+FlatUI.h */,
				123032681FA2DE4E00412BD5 /* UIColor+FlatUI.m */,
				123032641FA2DE4100412BD5 /* UIView+SetLayer.h */,
				123032651FA2DE4100412BD5 /* UIView+SetLayer.m */,
				123032561FA2D7E000412BD5 /* blankpage_button_reload@2x.png */,
				123032571FA2D7E000412BD5 /* UIView+EaseBlankPage.h */,
				123032581FA2D7E000412BD5 /* UIView+EaseBlankPage.m */,
				123032591FA2D7E000412BD5 /* UIView+LoadView.h */,
				1230325A1FA2D7E000412BD5 /* UIView+LoadView.m */,
				1230325B1FA2D7E000412BD5 /* XZEaseBlankPageView.h */,
				1230325C1FA2D7E000412BD5 /* XZEaseBlankPageView.m */,
				1230325D1FA2D7E000412BD5 /* XZLoadView.h */,
				1230325E1FA2D7E000412BD5 /* XZLoadView.m */,
			);
			path = EaseBlankPage;
			sourceTree = "<group>";
		};
		1230B8CB1F9755C2003F464D /* categray */ = {
			isa = PBXGroup;
			children = (
				123032551FA2D7E000412BD5 /* EaseBlankPage */,
				12F33A211FA0285C00018F71 /* UIBarButtonItem+LHB.h */,
				12F33A221FA0285D00018F71 /* UIBarButtonItem+LHB.m */,
			);
			path = categray;
			sourceTree = "<group>";
		};
		12645F821F9B12D100E758BD /* ADView */ = {
			isa = PBXGroup;
			children = (
				12645F841F9B12DD00E758BD /* ADView.h */,
				12645F831F9B12DD00E758BD /* ADView.m */,
			);
			path = ADView;
			sourceTree = "<group>";
		};
		1269311A1F998E9A00F6D414 /* mine */ = {
			isa = PBXGroup;
			children = (
				128AF64D1F9F2E2B0076E0DD /* controller */,
				12000C9D1F9DD5E000ECE3AE /* view */,
			);
			path = mine;
			sourceTree = "<group>";
		};
		128AF64D1F9F2E2B0076E0DD /* controller */ = {
			isa = PBXGroup;
			children = (
				1269311B1F998EDE00F6D414 /* MineViewController.h */,
				1269311C1F998EDE00F6D414 /* MineViewController.m */,
				124BBB5F1F9F1788007CEAF8 /* LoginViewController.h */,
				124BBB601F9F1788007CEAF8 /* LoginViewController.m */,
				128AF64E1F9F2E570076E0DD /* SettingViewController.h */,
				128AF64F1F9F2E570076E0DD /* SettingViewController.m */,
			);
			path = controller;
			sourceTree = "<group>";
		};
		12934AFE1F975B310090B36F /* Encryption */ = {
			isa = PBXGroup;
			children = (
				12934AFF1F975B310090B36F /* Base64Util.h */,
				12934B001F975B310090B36F /* Base64Util.m */,
				12934B011F975B310090B36F /* GTMBase64.h */,
				12934B021F975B310090B36F /* GTMBase64.m */,
				12934B031F975B310090B36F /* GTMDefines.h */,
				12934B041F975B310090B36F /* MD5Encryption.h */,
				12934B051F975B310090B36F /* MD5Encryption.m */,
			);
			path = Encryption;
			sourceTree = "<group>";
		};
		12FCBE921FA84BC200BF29BF /* HSPickerView */ = {
			isa = PBXGroup;
			children = (
				12FCBE931FA84BC200BF29BF /* HS_address.plist */,
				12FCBE941FA84BC200BF29BF /* HSAddressPickerVC.h */,
				12FCBE951FA84BC200BF29BF /* HSAddressPickerVC.m */,
				12FCBE961FA84BC200BF29BF /* HSBasePickerVC.h */,
				12FCBE971FA84BC200BF29BF /* HSBasePickerVC.m */,
				12FCBE981FA84BC200BF29BF /* HSDatePickerVC.h */,
				12FCBE991FA84BC200BF29BF /* HSDatePickerVC.m */,
				12FCBE9A1FA84BC200BF29BF /* HSGenderPickerVC.h */,
				12FCBE9B1FA84BC200BF29BF /* HSGenderPickerVC.m */,
				12FCBE9C1FA84BC200BF29BF /* HSPickerViewTestVC.storyboard */,
				12FCBE9D1FA84BC200BF29BF /* NSDate+Date.h */,
				12FCBE9E1FA84BC200BF29BF /* NSDate+Date.m */,
			);
			path = HSPickerView;
			sourceTree = "<group>";
		};
		1A63A6B90608426A91096617 /* Pods */ = {
			isa = PBXGroup;
			children = (
				32A5DF793F2D5546A068DD8A /* Pods-debetMarket.debug.xcconfig */,
				0A20B97237A9C03DF8C2DBC1 /* Pods-debetMarket.release.xcconfig */,
				5EA340D942C0101693E82C7A /* Pods-debetMarketTests.debug.xcconfig */,
				9BF72535AB4176F765B16B16 /* Pods-debetMarketTests.release.xcconfig */,
				BCBC36BFC89A391BC36C09E3 /* Pods-debetMarketUITests.debug.xcconfig */,
				E34349F584726193ABCD74ED /* Pods-debetMarketUITests.release.xcconfig */,
			);
			name = Pods;
			sourceTree = "<group>";
		};
		2634212CC87F7CF0CEE3BD0D /* Frameworks */ = {
			isa = PBXGroup;
			children = (
				123002CE1FA740DA0078E0A6 /* libSDWebImage.a */,
				FCB7E6F8468EAAEB58274994 /* libPods-debetMarket.a */,
				F9BAA840C0FADCD4EC04AF49 /* libPods-debetMarketTests.a */,
				920053BA5BCB883FC1B74DC0 /* libPods-debetMarketUITests.a */,
			);
			name = Frameworks;
			sourceTree = "<group>";
		};
		EF6C68701F95A41B00DB3871 /* other */ = {
			isa = PBXGroup;
			children = (
				1230B8CB1F9755C2003F464D /* categray */,
				EFEBD0831F95E46E003F3F41 /* threelib */,
				EFEBD0821F95E463003F3F41 /* Tool */,
				EF6C68711F95A49100DB3871 /* inherit */,
			);
			path = other;
			sourceTree = "<group>";
		};
		EF6C68711F95A49100DB3871 /* inherit */ = {
			isa = PBXGroup;
			children = (
				EFEBD0A91F974A91003F3F41 /* HTNavigationController.h */,
				EFEBD0A81F974A91003F3F41 /* HTNavigationController.m */,
				EF6C68721F95A4D300DB3871 /* HTViewController.h */,
				EF6C68731F95A4D300DB3871 /* HTViewController.m */,
				EF6C68751F95A53500DB3871 /* HTTableViewController.h */,
				EF6C68761F95A53500DB3871 /* HTTableViewController.m */,
				EF6C68781F95A7D600DB3871 /* HTTabBarController.h */,
				EF6C68791F95A7D600DB3871 /* HTTabBarController.m */,
				EFEBD07C1F95DC26003F3F41 /* HTAFHTTPSessionManager.h */,
				EFEBD07D1F95DC26003F3F41 /* HTAFHTTPSessionManager.m */,
				128AF64A1F9F2BCF0076E0DD /* HTTableViewCell.h */,
				128AF64B1F9F2BCF0076E0DD /* HTTableViewCell.m */,
			);
			path = inherit;
			sourceTree = "<group>";
		};
		EFEBD0821F95E463003F3F41 /* Tool */ = {
			isa = PBXGroup;
			children = (
				EFEBD09F1F95FBD9003F3F41 /* version */,
				EFEBD09B1F95F7D5003F3F41 /* Local */,
				EFEBD09A1F95F7BD003F3F41 /* NetWork */,
			);
			path = Tool;
			sourceTree = "<group>";
		};
		EFEBD0831F95E46E003F3F41 /* threelib */ = {
			isa = PBXGroup;
			children = (
				12FCBE921FA84BC200BF29BF /* HSPickerView */,
				1229DA141FA7431400C97938 /* SDWebImage */,
				12645F821F9B12D100E758BD /* ADView */,
				12934AFE1F975B310090B36F /* Encryption */,
				EFEBD0871F95F033003F3F41 /* TLCityPicker */,
			);
			path = threelib;
			sourceTree = "<group>";
		};
		EFEBD0871F95F033003F3F41 /* TLCityPicker */ = {
			isa = PBXGroup;
			children = (
				EFEBD0881F95F033003F3F41 /* CityData.plist */,
				EFEBD0891F95F033003F3F41 /* TLCity.h */,
				EFEBD08A1F95F033003F3F41 /* TLCity.m */,
				EFEBD08B1F95F033003F3F41 /* TLCityGroupCell.h */,
				EFEBD08C1F95F033003F3F41 /* TLCityGroupCell.m */,
				EFEBD08D1F95F033003F3F41 /* TLCityHeaderView.h */,
				EFEBD08E1F95F033003F3F41 /* TLCityHeaderView.m */,
				EFEBD08F1F95F033003F3F41 /* TLCityPickerController.h */,
				EFEBD0901F95F033003F3F41 /* TLCityPickerController.m */,
				EFEBD0911F95F033003F3F41 /* TLCityPickerDelegate.h */,
				EFEBD0921F95F033003F3F41 /* TLCityPickerSearchResultController.h */,
				EFEBD0931F95F033003F3F41 /* TLCityPickerSearchResultController.m */,
			);
			path = TLCityPicker;
			sourceTree = "<group>";
		};
		EFEBD09A1F95F7BD003F3F41 /* NetWork */ = {
			isa = PBXGroup;
			children = (
				EFEBD0851F95E4C6003F3F41 /* HTNetworkingTool.h */,
				EFEBD0841F95E4C6003F3F41 /* HTNetworkingTool.m */,
			);
			path = NetWork;
			sourceTree = "<group>";
		};
		EFEBD09B1F95F7D5003F3F41 /* Local */ = {
			isa = PBXGroup;
			children = (
				EFEBD09C1F95F7E0003F3F41 /* MyCoreLocation.h */,
				EFEBD09D1F95F7E0003F3F41 /* MyCoreLocation.m */,
			);
			path = Local;
			sourceTree = "<group>";
		};
		EFEBD09F1F95FBD9003F3F41 /* version */ = {
			isa = PBXGroup;
			children = (
				EFEBD0A21F95FBF3003F3F41 /* HTCheckVersionTool.h */,
				EFEBD0A01F95FBEE003F3F41 /* HTCheckVersionTool.m */,
			);
			path = version;
			sourceTree = "<group>";
		};
		EFEBD0A31F95FFB8003F3F41 /* home */ = {
			isa = PBXGroup;
			children = (
				EFEBD0A71F9748D4003F3F41 /* view */,
				EFEBD0A61F9748CE003F3F41 /* model */,
				EFEBD0A41F97489E003F3F41 /* controller */,
			);
			path = home;
			sourceTree = "<group>";
		};
		EFEBD0A41F97489E003F3F41 /* controller */ = {
			isa = PBXGroup;
			children = (
				EF6C686E1F95A40500DB3871 /* HomeViewController.h */,
				EF6C686D1F95A40500DB3871 /* HomeViewController.m */,
			);
			path = controller;
			sourceTree = "<group>";
		};
		EFEBD0A61F9748CE003F3F41 /* model */ = {
			isa = PBXGroup;
			children = (
				12000C971F9D882D00ECE3AE /* HomeListModel.h */,
				12000C981F9D882D00ECE3AE /* HomeListModel.m */,
			);
			path = model;
			sourceTree = "<group>";
		};
		EFEBD0A71F9748D4003F3F41 /* view */ = {
			isa = PBXGroup;
			children = (
				122B79761FA6D03D0023FDA2 /* four */,
				126931281F99DF2300F6D414 /* CircleBannerView.h */,
				126931291F99DF2300F6D414 /* CircleBannerView.m */,
				1269311E1F99AB0D00F6D414 /* HomeTopView.h */,
				1269311F1F99AB0D00F6D414 /* HomeTopView.m */,
				126931211F99AB6500F6D414 /* HomeTopView.xib */,
				126931231F99D15600F6D414 /* HotPublish.h */,
				126931241F99D15600F6D414 /* HotPublish.m */,
				126931251F99D15600F6D414 /* HotPublish.xib */,
				1269312B1F99E24400F6D414 /* ContentView.h */,
				1269312C1F99E24400F6D414 /* ContentView.m */,
				126931331F99EE5800F6D414 /* ListTableViewCell.h */,
				126931341F99EE5800F6D414 /* ListTableViewCell.m */,
				126931361F99F1EF00F6D414 /* NewProductTableViewCell.h */,
				126931371F99F1EF00F6D414 /* NewProductTableViewCell.m */,
				126931381F99F1EF00F6D414 /* NewProductTableViewCell.xib */,
				1269313B1F99FBE200F6D414 /* TestView.h */,
				1269313C1F99FBE200F6D414 /* TestView.m */,
				1208DCD01F9AEA3800524BB4 /* NewProductTitle.h */,
				1208DCD11F9AEA3800524BB4 /* NewProductTitle.m */,
				1208DCD51F9AF79F00524BB4 /* FourFormView.h */,
				1208DCD61F9AF79F00524BB4 /* FourFormView.m */,
				12000C941F9D87D800ECE3AE /* CenterViewCell.h */,
				12000C951F9D87D800ECE3AE /* CenterViewCell.m */,
			);
			path = view;
			sourceTree = "<group>";
		};
		EFF5C88B1F95A2CC00FEEC9B /* classes */ = {
			isa = PBXGroup;
			children = (
				120440331FA082CB006EE6B0 /* model */,
				1208DCD81F9AF85300524BB4 /* debet */,
				1269311A1F998E9A00F6D414 /* mine */,
				EFEBD0A31F95FFB8003F3F41 /* home */,
				EF6C68701F95A41B00DB3871 /* other */,
				EFF5C88C1F95A2DA00FEEC9B /* main */,
			);
			path = classes;
			sourceTree = "<group>";
		};
		EFF5C88C1F95A2DA00FEEC9B /* main */ = {
			isa = PBXGroup;
			children = (
				1208DCF21F9B0FD500524BB4 /* PushWebViewController.h */,
				1208DCF11F9B0FD500524BB4 /* PushWebViewController.m */,
				EFF9EA661F9599F400E61B11 /* AppDelegate.h */,
				EFF9EA671F9599F400E61B11 /* AppDelegate.m */,
				EFF9EA6C1F9599F400E61B11 /* Main.storyboard */,
			);
			path = main;
			sourceTree = "<group>";
		};
		EFF9EA5A1F9599F400E61B11 = {
			isa = PBXGroup;
			children = (
				EFF9EA651F9599F400E61B11 /* debetMarket */,
				EFF9EA7E1F9599F400E61B11 /* debetMarketTests */,
				EFF9EA891F9599F400E61B11 /* debetMarketUITests */,
				EFF9EA641F9599F400E61B11 /* Products */,
				1A63A6B90608426A91096617 /* Pods */,
				2634212CC87F7CF0CEE3BD0D /* Frameworks */,
			);
			sourceTree = "<group>";
		};
		EFF9EA641F9599F400E61B11 /* Products */ = {
			isa = PBXGroup;
			children = (
				EFF9EA631F9599F400E61B11 /* debetMarket.app */,
				EFF9EA7B1F9599F400E61B11 /* debetMarketTests.xctest */,
				EFF9EA861F9599F400E61B11 /* debetMarketUITests.xctest */,
			);
			name = Products;
			sourceTree = "<group>";
		};
		EFF9EA651F9599F400E61B11 /* debetMarket */ = {
			isa = PBXGroup;
			children = (
				EFF5C88B1F95A2CC00FEEC9B /* classes */,
				EFF9EA6F1F9599F400E61B11 /* Assets.xcassets */,
				EFF9EA711F9599F400E61B11 /* LaunchScreen.storyboard */,
				EFF9EA741F9599F400E61B11 /* Info.plist */,
				EFEBD0801F95DCE5003F3F41 /* PrefixHeader.pch */,
				EFEBD0811F95DFA4003F3F41 /* HTCommon.h */,
				EFF9EA751F9599F400E61B11 /* main.m */,
			);
			path = debetMarket;
			sourceTree = "<group>";
		};
		EFF9EA7E1F9599F400E61B11 /* debetMarketTests */ = {
			isa = PBXGroup;
			children = (
				EFF9EA7F1F9599F400E61B11 /* debetMarketTests.m */,
				EFF9EA811F9599F400E61B11 /* Info.plist */,
			);
			path = debetMarketTests;
			sourceTree = "<group>";
		};
		EFF9EA891F9599F400E61B11 /* debetMarketUITests */ = {
			isa = PBXGroup;
			children = (
				EFF9EA8A1F9599F400E61B11 /* debetMarketUITests.m */,
				EFF9EA8C1F9599F400E61B11 /* Info.plist */,
			);
			path = debetMarketUITests;
			sourceTree = "<group>";
		};
/* End PBXGroup section */

/* Begin PBXNativeTarget section */
		EFF9EA621F9599F400E61B11 /* debetMarket */ = {
			isa = PBXNativeTarget;
			buildConfigurationList = EFF9EA8F1F9599F400E61B11 /* Build configuration list for PBXNativeTarget "debetMarket" */;
			buildPhases = (
				412D0440BD54CE97206A84DA /* [CP] Check Pods Manifest.lock */,
				EFF9EA5F1F9599F400E61B11 /* Sources */,
				EFF9EA601F9599F400E61B11 /* Frameworks */,
				EFF9EA611F9599F400E61B11 /* Resources */,
				C262DF6DBE7496640953CEDE /* [CP] Embed Pods Frameworks */,
				6C3317DCE500B75A6BFD2453 /* [CP] Copy Pods Resources */,
			);
			buildRules = (
			);
			dependencies = (
			);
			name = debetMarket;
			productName = debetMarket;
			productReference = EFF9EA631F9599F400E61B11 /* debetMarket.app */;
			productType = "com.apple.product-type.application";
		};
		EFF9EA7A1F9599F400E61B11 /* debetMarketTests */ = {
			isa = PBXNativeTarget;
			buildConfigurationList = EFF9EA921F9599F400E61B11 /* Build configuration list for PBXNativeTarget "debetMarketTests" */;
			buildPhases = (
				364BC442C0AC2BF7F7A6178F /* [CP] Check Pods Manifest.lock */,
				EFF9EA771F9599F400E61B11 /* Sources */,
				EFF9EA781F9599F400E61B11 /* Frameworks */,
				EFF9EA791F9599F400E61B11 /* Resources */,
				4DAC28FE20C40DF60E018B7C /* [CP] Embed Pods Frameworks */,
				B5FFAD89259EF1249B4493A5 /* [CP] Copy Pods Resources */,
			);
			buildRules = (
			);
			dependencies = (
				EFF9EA7D1F9599F400E61B11 /* PBXTargetDependency */,
			);
			name = debetMarketTests;
			productName = debetMarketTests;
			productReference = EFF9EA7B1F9599F400E61B11 /* debetMarketTests.xctest */;
			productType = "com.apple.product-type.bundle.unit-test";
		};
		EFF9EA851F9599F400E61B11 /* debetMarketUITests */ = {
			isa = PBXNativeTarget;
			buildConfigurationList = EFF9EA951F9599F400E61B11 /* Build configuration list for PBXNativeTarget "debetMarketUITests" */;
			buildPhases = (
				9A88D2541D93C563B6D08667 /* [CP] Check Pods Manifest.lock */,
				EFF9EA821F9599F400E61B11 /* Sources */,
				EFF9EA831F9599F400E61B11 /* Frameworks */,
				EFF9EA841F9599F400E61B11 /* Resources */,
				26054CB75B2243D9F355F4B1 /* [CP] Embed Pods Frameworks */,
				AD53A7E5F55F0FDA037CBEDD /* [CP] Copy Pods Resources */,
			);
			buildRules = (
			);
			dependencies = (
				EFF9EA881F9599F400E61B11 /* PBXTargetDependency */,
			);
			name = debetMarketUITests;
			productName = debetMarketUITests;
			productReference = EFF9EA861F9599F400E61B11 /* debetMarketUITests.xctest */;
			productType = "com.apple.product-type.bundle.ui-testing";
		};
/* End PBXNativeTarget section */

/* Begin PBXProject section */
		EFF9EA5B1F9599F400E61B11 /* Project object */ = {
			isa = PBXProject;
			attributes = {
				LastUpgradeCheck = 0900;
				ORGANIZATIONNAME = HT;
				TargetAttributes = {
					EFF9EA621F9599F400E61B11 = {
						CreatedOnToolsVersion = 9.0;
						ProvisioningStyle = Automatic;
					};
					EFF9EA7A1F9599F400E61B11 = {
						CreatedOnToolsVersion = 9.0;
						ProvisioningStyle = Automatic;
						TestTargetID = EFF9EA621F9599F400E61B11;
					};
					EFF9EA851F9599F400E61B11 = {
						CreatedOnToolsVersion = 9.0;
						ProvisioningStyle = Automatic;
						TestTargetID = EFF9EA621F9599F400E61B11;
					};
				};
			};
			buildConfigurationList = EFF9EA5E1F9599F400E61B11 /* Build configuration list for PBXProject "debetMarket" */;
			compatibilityVersion = "Xcode 8.0";
			developmentRegion = en;
			hasScannedForEncodings = 0;
			knownRegions = (
				en,
				Base,
			);
			mainGroup = EFF9EA5A1F9599F400E61B11;
			productRefGroup = EFF9EA641F9599F400E61B11 /* Products */;
			projectDirPath = "";
			projectRoot = "";
			targets = (
				EFF9EA621F9599F400E61B11 /* debetMarket */,
				EFF9EA7A1F9599F400E61B11 /* debetMarketTests */,
				EFF9EA851F9599F400E61B11 /* debetMarketUITests */,
			);
		};
/* End PBXProject section */

/* Begin PBXResourcesBuildPhase section */
		EFF9EA611F9599F400E61B11 /* Resources */ = {
			isa = PBXResourcesBuildPhase;
			buildActionMask = 2147483647;
			files = (
				EFF9EA731F9599F400E61B11 /* LaunchScreen.storyboard in Resources */,
				12FCBEA41FA84BC200BF29BF /* HSPickerViewTestVC.storyboard in Resources */,
				1269313A1F99F1EF00F6D414 /* NewProductTableViewCell.xib in Resources */,
				12FCBE9F1FA84BC200BF29BF /* HS_address.plist in Resources */,
				126931221F99AB6500F6D414 /* HomeTopView.xib in Resources */,
				EFF9EA701F9599F400E61B11 /* Assets.xcassets in Resources */,
				1229DA351FA7431400C97938 /* LICENSE in Resources */,
				EFF9EA6E1F9599F400E61B11 /* Main.storyboard in Resources */,
				EFEBD0941F95F033003F3F41 /* CityData.plist in Resources */,
				1230325F1FA2D7E000412BD5 /* blankpage_button_reload@2x.png in Resources */,
				126931271F99D15600F6D414 /* HotPublish.xib in Resources */,
				1229DA361FA7431400C97938 /* README.md in Resources */,
				1208DCF01F9B0BEA00524BB4 /* ContentTableViewCell.xib in Resources */,
			);
			runOnlyForDeploymentPostprocessing = 0;
		};
		EFF9EA791F9599F400E61B11 /* Resources */ = {
			isa = PBXResourcesBuildPhase;
			buildActionMask = 2147483647;
			files = (
			);
			runOnlyForDeploymentPostprocessing = 0;
		};
		EFF9EA841F9599F400E61B11 /* Resources */ = {
			isa = PBXResourcesBuildPhase;
			buildActionMask = 2147483647;
			files = (
			);
			runOnlyForDeploymentPostprocessing = 0;
		};
/* End PBXResourcesBuildPhase section */

/* Begin PBXShellScriptBuildPhase section */
		26054CB75B2243D9F355F4B1 /* [CP] Embed Pods Frameworks */ = {
			isa = PBXShellScriptBuildPhase;
			buildActionMask = 2147483647;
			files = (
			);
			inputPaths = (
			);
			name = "[CP] Embed Pods Frameworks";
			outputPaths = (
			);
			runOnlyForDeploymentPostprocessing = 0;
			shellPath = /bin/sh;
			shellScript = "\"${SRCROOT}/Pods/Target Support Files/Pods-debetMarketUITests/Pods-debetMarketUITests-frameworks.sh\"\n";
			showEnvVarsInLog = 0;
		};
		364BC442C0AC2BF7F7A6178F /* [CP] Check Pods Manifest.lock */ = {
			isa = PBXShellScriptBuildPhase;
			buildActionMask = 2147483647;
			files = (
			);
			inputPaths = (
				"${PODS_PODFILE_DIR_PATH}/Podfile.lock",
				"${PODS_ROOT}/Manifest.lock",
			);
			name = "[CP] Check Pods Manifest.lock";
			outputPaths = (
				"$(DERIVED_FILE_DIR)/Pods-debetMarketTests-checkManifestLockResult.txt",
			);
			runOnlyForDeploymentPostprocessing = 0;
			shellPath = /bin/sh;
			shellScript = "diff \"${PODS_PODFILE_DIR_PATH}/Podfile.lock\" \"${PODS_ROOT}/Manifest.lock\" > /dev/null\nif [ $? != 0 ] ; then\n    # print error to STDERR\n    echo \"error: The sandbox is not in sync with the Podfile.lock. Run 'pod install' or update your CocoaPods installation.\" >&2\n    exit 1\nfi\n# This output is used by Xcode 'outputs' to avoid re-running this script phase.\necho \"SUCCESS\" > \"${SCRIPT_OUTPUT_FILE_0}\"\n";
			showEnvVarsInLog = 0;
		};
		412D0440BD54CE97206A84DA /* [CP] Check Pods Manifest.lock */ = {
			isa = PBXShellScriptBuildPhase;
			buildActionMask = 2147483647;
			files = (
			);
			inputPaths = (
				"${PODS_PODFILE_DIR_PATH}/Podfile.lock",
				"${PODS_ROOT}/Manifest.lock",
			);
			name = "[CP] Check Pods Manifest.lock";
			outputPaths = (
				"$(DERIVED_FILE_DIR)/Pods-debetMarket-checkManifestLockResult.txt",
			);
			runOnlyForDeploymentPostprocessing = 0;
			shellPath = /bin/sh;
			shellScript = "diff \"${PODS_PODFILE_DIR_PATH}/Podfile.lock\" \"${PODS_ROOT}/Manifest.lock\" > /dev/null\nif [ $? != 0 ] ; then\n    # print error to STDERR\n    echo \"error: The sandbox is not in sync with the Podfile.lock. Run 'pod install' or update your CocoaPods installation.\" >&2\n    exit 1\nfi\n# This output is used by Xcode 'outputs' to avoid re-running this script phase.\necho \"SUCCESS\" > \"${SCRIPT_OUTPUT_FILE_0}\"\n";
			showEnvVarsInLog = 0;
		};
		4DAC28FE20C40DF60E018B7C /* [CP] Embed Pods Frameworks */ = {
			isa = PBXShellScriptBuildPhase;
			buildActionMask = 2147483647;
			files = (
			);
			inputPaths = (
			);
			name = "[CP] Embed Pods Frameworks";
			outputPaths = (
			);
			runOnlyForDeploymentPostprocessing = 0;
			shellPath = /bin/sh;
			shellScript = "\"${SRCROOT}/Pods/Target Support Files/Pods-debetMarketTests/Pods-debetMarketTests-frameworks.sh\"\n";
			showEnvVarsInLog = 0;
		};
		6C3317DCE500B75A6BFD2453 /* [CP] Copy Pods Resources */ = {
			isa = PBXShellScriptBuildPhase;
			buildActionMask = 2147483647;
			files = (
			);
			inputPaths = (
				"${SRCROOT}/Pods/Target Support Files/Pods-debetMarket/Pods-debetMarket-resources.sh",
				"${PODS_ROOT}/IQKeyboardManager/IQKeyboardManager/Resources/IQKeyboardManager.bundle",
				"${PODS_ROOT}/MJRefresh/MJRefresh/MJRefresh.bundle",
				"${PODS_ROOT}/SVProgressHUD/SVProgressHUD/SVProgressHUD.bundle",
			);
			name = "[CP] Copy Pods Resources";
			outputPaths = (
				"${TARGET_BUILD_DIR}/${UNLOCALIZED_RESOURCES_FOLDER_PATH}",
			);
			runOnlyForDeploymentPostprocessing = 0;
			shellPath = /bin/sh;
			shellScript = "\"${SRCROOT}/Pods/Target Support Files/Pods-debetMarket/Pods-debetMarket-resources.sh\"\n";
			showEnvVarsInLog = 0;
		};
		9A88D2541D93C563B6D08667 /* [CP] Check Pods Manifest.lock */ = {
			isa = PBXShellScriptBuildPhase;
			buildActionMask = 2147483647;
			files = (
			);
			inputPaths = (
				"${PODS_PODFILE_DIR_PATH}/Podfile.lock",
				"${PODS_ROOT}/Manifest.lock",
			);
			name = "[CP] Check Pods Manifest.lock";
			outputPaths = (
				"$(DERIVED_FILE_DIR)/Pods-debetMarketUITests-checkManifestLockResult.txt",
			);
			runOnlyForDeploymentPostprocessing = 0;
			shellPath = /bin/sh;
			shellScript = "diff \"${PODS_PODFILE_DIR_PATH}/Podfile.lock\" \"${PODS_ROOT}/Manifest.lock\" > /dev/null\nif [ $? != 0 ] ; then\n    # print error to STDERR\n    echo \"error: The sandbox is not in sync with the Podfile.lock. Run 'pod install' or update your CocoaPods installation.\" >&2\n    exit 1\nfi\n# This output is used by Xcode 'outputs' to avoid re-running this script phase.\necho \"SUCCESS\" > \"${SCRIPT_OUTPUT_FILE_0}\"\n";
			showEnvVarsInLog = 0;
		};
		AD53A7E5F55F0FDA037CBEDD /* [CP] Copy Pods Resources */ = {
			isa = PBXShellScriptBuildPhase;
			buildActionMask = 2147483647;
			files = (
			);
			inputPaths = (
			);
			name = "[CP] Copy Pods Resources";
			outputPaths = (
			);
			runOnlyForDeploymentPostprocessing = 0;
			shellPath = /bin/sh;
			shellScript = "\"${SRCROOT}/Pods/Target Support Files/Pods-debetMarketUITests/Pods-debetMarketUITests-resources.sh\"\n";
			showEnvVarsInLog = 0;
		};
		B5FFAD89259EF1249B4493A5 /* [CP] Copy Pods Resources */ = {
			isa = PBXShellScriptBuildPhase;
			buildActionMask = 2147483647;
			files = (
			);
			inputPaths = (
			);
			name = "[CP] Copy Pods Resources";
			outputPaths = (
			);
			runOnlyForDeploymentPostprocessing = 0;
			shellPath = /bin/sh;
			shellScript = "\"${SRCROOT}/Pods/Target Support Files/Pods-debetMarketTests/Pods-debetMarketTests-resources.sh\"\n";
			showEnvVarsInLog = 0;
		};
		C262DF6DBE7496640953CEDE /* [CP] Embed Pods Frameworks */ = {
			isa = PBXShellScriptBuildPhase;
			buildActionMask = 2147483647;
			files = (
			);
			inputPaths = (
			);
			name = "[CP] Embed Pods Frameworks";
			outputPaths = (
			);
			runOnlyForDeploymentPostprocessing = 0;
			shellPath = /bin/sh;
			shellScript = "\"${SRCROOT}/Pods/Target Support Files/Pods-debetMarket/Pods-debetMarket-frameworks.sh\"\n";
			showEnvVarsInLog = 0;
		};
/* End PBXShellScriptBuildPhase section */

/* Begin PBXSourcesBuildPhase section */
		EFF9EA5F1F9599F400E61B11 /* Sources */ = {
			isa = PBXSourcesBuildPhase;
			buildActionMask = 2147483647;
			files = (
				12FCBEA01FA84BC200BF29BF /* HSAddressPickerVC.m in Sources */,
				1229DA441FA7431400C97938 /* UIView+WebCacheOperation.m in Sources */,
				EFEBD0961F95F033003F3F41 /* TLCityGroupCell.m in Sources */,
				EFEBD0861F95E4C6003F3F41 /* HTNetworkingTool.m in Sources */,
				1208DCDB1F9AF89600524BB4 /* DebetTableViewController.m in Sources */,
				12934B081F975B310090B36F /* MD5Encryption.m in Sources */,
				12FCBEA11FA84BC200BF29BF /* HSBasePickerVC.m in Sources */,
				12645F851F9B12DD00E758BD /* ADView.m in Sources */,
				120440361FA082DD006EE6B0 /* BannerInfo.m in Sources */,
				1229DA421FA7431400C97938 /* UIImageView+HighlightedWebCache.m in Sources */,
				1229DA3C1FA7431400C97938 /* SDWebImageDownloaderOperation.m in Sources */,
				1229DA3F1FA7431400C97938 /* UIButton+WebCache.m in Sources */,
				122B79831FA702CC0023FDA2 /* HotListView.m in Sources */,
				EFEBD0981F95F033003F3F41 /* TLCityPickerController.m in Sources */,
				EF6C68741F95A4D300DB3871 /* HTViewController.m in Sources */,
				120440391FA0835B006EE6B0 /* UserInfo.m in Sources */,
				1229DA391FA7431400C97938 /* SDWebImageCompat.m in Sources */,
				1229DA3B1FA7431400C97938 /* SDWebImageDownloader.m in Sources */,
				1229DA371FA7431400C97938 /* NSData+ImageContentType.m in Sources */,
				12F33A231FA0285D00018F71 /* UIBarButtonItem+LHB.m in Sources */,
				EF6C687A1F95A7D600DB3871 /* HTTabBarController.m in Sources */,
				EFEBD09E1F95F7E0003F3F41 /* MyCoreLocation.m in Sources */,
				1269311D1F998EDE00F6D414 /* MineViewController.m in Sources */,
				EF6C686F1F95A40500DB3871 /* HomeViewController.m in Sources */,
				12934B071F975B310090B36F /* GTMBase64.m in Sources */,
				EFEBD0991F95F033003F3F41 /* TLCityPickerSearchResultController.m in Sources */,
				123032691FA2DE4E00412BD5 /* UIColor+FlatUI.m in Sources */,
				EFF9EA761F9599F400E61B11 /* main.m in Sources */,
				EF6C68771F95A53500DB3871 /* HTTableViewController.m in Sources */,
				1229DA3A1FA7431400C97938 /* SDWebImageDecoder.m in Sources */,
				1229DA431FA7431400C97938 /* UIImageView+WebCache.m in Sources */,
				1229DA3D1FA7431400C97938 /* SDWebImageManager.m in Sources */,
				1217F2781FA0381A001FCB27 /* DebetDetailViewController.m in Sources */,
				1208DCD21F9AEA3800524BB4 /* NewProductTitle.m in Sources */,
				12934B061F975B310090B36F /* Base64Util.m in Sources */,
				128AF6501F9F2E570076E0DD /* SettingViewController.m in Sources */,
				1269312D1F99E24400F6D414 /* ContentView.m in Sources */,
				EFEBD0AA1F974A92003F3F41 /* HTNavigationController.m in Sources */,
				1229DA481FA7493200C97938 /* CateGoryModel.m in Sources */,
				120AE8E11FAAF44D00399257 /* AppTableViewCell.m in Sources */,
				1208DCE01F9AF96500524BB4 /* HeadIconView.m in Sources */,
				1269313D1F99FBE200F6D414 /* TestView.m in Sources */,
				EFEBD0951F95F033003F3F41 /* TLCity.m in Sources */,
				1269312A1F99DF2300F6D414 /* CircleBannerView.m in Sources */,
				1208DCE31F9B019D00524BB4 /* DebetTableViewCell.m in Sources */,
				124BBB611F9F1788007CEAF8 /* LoginViewController.m in Sources */,
				12000C991F9D882D00ECE3AE /* HomeListModel.m in Sources */,
				123032601FA2D7E000412BD5 /* UIView+EaseBlankPage.m in Sources */,
				120AE8E51FAAF72500399257 /* AppListView.m in Sources */,
				EFEBD0A11F95FBEF003F3F41 /* HTCheckVersionTool.m in Sources */,
				1229DA401FA7431400C97938 /* UIImage+GIF.m in Sources */,
				122B797F1FA6D32A0023FDA2 /* FourListTableViewCell.m in Sources */,
				126931261F99D15600F6D414 /* HotPublish.m in Sources */,
				1208DCD71F9AF79F00524BB4 /* FourFormView.m in Sources */,
				12FCBEA51FA84BC200BF29BF /* NSDate+Date.m in Sources */,
				12000C961F9D87D800ECE3AE /* CenterViewCell.m in Sources */,
				126931201F99AB0D00F6D414 /* HomeTopView.m in Sources */,
				123032621FA2D7E000412BD5 /* XZEaseBlankPageView.m in Sources */,
				12000CA51F9DD9FB00ECE3AE /* BackView.m in Sources */,
				1208DCF31F9B0FD500524BB4 /* PushWebViewController.m in Sources */,
				EFEBD0971F95F033003F3F41 /* TLCityHeaderView.m in Sources */,
				1229DA411FA7431400C97938 /* UIImage+MultiFormat.m in Sources */,
				126931391F99F1EF00F6D414 /* NewProductTableViewCell.m in Sources */,
				126931351F99EE5800F6D414 /* ListTableViewCell.m in Sources */,
				12000CA01F9DD62600ECE3AE /* LoginView.m in Sources */,
				12FCBEA31FA84BC200BF29BF /* HSGenderPickerVC.m in Sources */,
				123032611FA2D7E000412BD5 /* UIView+LoadView.m in Sources */,
				1208DCEF1F9B0BEA00524BB4 /* ContentTableViewCell.m in Sources */,
				1229DA3E1FA7431400C97938 /* SDWebImagePrefetcher.m in Sources */,
				123032661FA2DE4200412BD5 /* UIView+SetLayer.m in Sources */,
				123032631FA2D7E000412BD5 /* XZLoadView.m in Sources */,
				12FCBEA21FA84BC200BF29BF /* HSDatePickerVC.m in Sources */,
				128AF64C1F9F2BCF0076E0DD /* HTTableViewCell.m in Sources */,
				EFF9EA681F9599F400E61B11 /* AppDelegate.m in Sources */,
				EFEBD07E1F95DC26003F3F41 /* HTAFHTTPSessionManager.m in Sources */,
				1229DA381FA7431400C97938 /* SDImageCache.m in Sources */,
			);
			runOnlyForDeploymentPostprocessing = 0;
		};
		EFF9EA771F9599F400E61B11 /* Sources */ = {
			isa = PBXSourcesBuildPhase;
			buildActionMask = 2147483647;
			files = (
				EFF9EA801F9599F400E61B11 /* debetMarketTests.m in Sources */,
			);
			runOnlyForDeploymentPostprocessing = 0;
		};
		EFF9EA821F9599F400E61B11 /* Sources */ = {
			isa = PBXSourcesBuildPhase;
			buildActionMask = 2147483647;
			files = (
				EFF9EA8B1F9599F400E61B11 /* debetMarketUITests.m in Sources */,
			);
			runOnlyForDeploymentPostprocessing = 0;
		};
/* End PBXSourcesBuildPhase section */

/* Begin PBXTargetDependency section */
		EFF9EA7D1F9599F400E61B11 /* PBXTargetDependency */ = {
			isa = PBXTargetDependency;
			target = EFF9EA621F9599F400E61B11 /* debetMarket */;
			targetProxy = EFF9EA7C1F9599F400E61B11 /* PBXContainerItemProxy */;
		};
		EFF9EA881F9599F400E61B11 /* PBXTargetDependency */ = {
			isa = PBXTargetDependency;
			target = EFF9EA621F9599F400E61B11 /* debetMarket */;
			targetProxy = EFF9EA871F9599F400E61B11 /* PBXContainerItemProxy */;
		};
/* End PBXTargetDependency section */

/* Begin PBXVariantGroup section */
		EFF9EA6C1F9599F400E61B11 /* Main.storyboard */ = {
			isa = PBXVariantGroup;
			children = (
				EFF9EA6D1F9599F400E61B11 /* Base */,
			);
			name = Main.storyboard;
			sourceTree = "<group>";
		};
		EFF9EA711F9599F400E61B11 /* LaunchScreen.storyboard */ = {
			isa = PBXVariantGroup;
			children = (
				EFF9EA721F9599F400E61B11 /* Base */,
			);
			name = LaunchScreen.storyboard;
			sourceTree = "<group>";
		};
/* End PBXVariantGroup section */

/* Begin XCBuildConfiguration section */
		EFF9EA8D1F9599F400E61B11 /* Debug */ = {
			isa = XCBuildConfiguration;
			buildSettings = {
				ALWAYS_SEARCH_USER_PATHS = NO;
				CLANG_ANALYZER_NONNULL = YES;
				CLANG_ANALYZER_NUMBER_OBJECT_CONVERSION = YES_AGGRESSIVE;
				CLANG_CXX_LANGUAGE_STANDARD = "gnu++14";
				CLANG_CXX_LIBRARY = "libc++";
				CLANG_ENABLE_MODULES = YES;
				CLANG_ENABLE_OBJC_ARC = YES;
				CLANG_WARN_BLOCK_CAPTURE_AUTORELEASING = YES;
				CLANG_WARN_BOOL_CONVERSION = YES;
				CLANG_WARN_COMMA = YES;
				CLANG_WARN_CONSTANT_CONVERSION = YES;
				CLANG_WARN_DIRECT_OBJC_ISA_USAGE = YES_ERROR;
				CLANG_WARN_DOCUMENTATION_COMMENTS = YES;
				CLANG_WARN_EMPTY_BODY = YES;
				CLANG_WARN_ENUM_CONVERSION = YES;
				CLANG_WARN_INFINITE_RECURSION = YES;
				CLANG_WARN_INT_CONVERSION = YES;
				CLANG_WARN_NON_LITERAL_NULL_CONVERSION = YES;
				CLANG_WARN_OBJC_LITERAL_CONVERSION = YES;
				CLANG_WARN_OBJC_ROOT_CLASS = YES_ERROR;
				CLANG_WARN_RANGE_LOOP_ANALYSIS = YES;
				CLANG_WARN_STRICT_PROTOTYPES = YES;
				CLANG_WARN_SUSPICIOUS_MOVE = YES;
				CLANG_WARN_UNGUARDED_AVAILABILITY = YES_AGGRESSIVE;
				CLANG_WARN_UNREACHABLE_CODE = YES;
				CLANG_WARN__DUPLICATE_METHOD_MATCH = YES;
				CODE_SIGN_IDENTITY = "iPhone Developer";
				COPY_PHASE_STRIP = NO;
				DEBUG_INFORMATION_FORMAT = dwarf;
				ENABLE_STRICT_OBJC_MSGSEND = YES;
				ENABLE_TESTABILITY = YES;
				GCC_C_LANGUAGE_STANDARD = gnu11;
				GCC_DYNAMIC_NO_PIC = NO;
				GCC_NO_COMMON_BLOCKS = YES;
				GCC_OPTIMIZATION_LEVEL = 0;
				GCC_PREPROCESSOR_DEFINITIONS = (
					"DEBUG=1",
					"$(inherited)",
				);
				GCC_WARN_64_TO_32_BIT_CONVERSION = YES;
				GCC_WARN_ABOUT_RETURN_TYPE = YES_ERROR;
				GCC_WARN_UNDECLARED_SELECTOR = YES;
				GCC_WARN_UNINITIALIZED_AUTOS = YES_AGGRESSIVE;
				GCC_WARN_UNUSED_FUNCTION = YES;
				GCC_WARN_UNUSED_VARIABLE = YES;
				IPHONEOS_DEPLOYMENT_TARGET = 11.0;
				MTL_ENABLE_DEBUG_INFO = YES;
				ONLY_ACTIVE_ARCH = YES;
				SDKROOT = iphoneos;
			};
			name = Debug;
		};
		EFF9EA8E1F9599F400E61B11 /* Release */ = {
			isa = XCBuildConfiguration;
			buildSettings = {
				ALWAYS_SEARCH_USER_PATHS = NO;
				CLANG_ANALYZER_NONNULL = YES;
				CLANG_ANALYZER_NUMBER_OBJECT_CONVERSION = YES_AGGRESSIVE;
				CLANG_CXX_LANGUAGE_STANDARD = "gnu++14";
				CLANG_CXX_LIBRARY = "libc++";
				CLANG_ENABLE_MODULES = YES;
				CLANG_ENABLE_OBJC_ARC = YES;
				CLANG_WARN_BLOCK_CAPTURE_AUTORELEASING = YES;
				CLANG_WARN_BOOL_CONVERSION = YES;
				CLANG_WARN_COMMA = YES;
				CLANG_WARN_CONSTANT_CONVERSION = YES;
				CLANG_WARN_DIRECT_OBJC_ISA_USAGE = YES_ERROR;
				CLANG_WARN_DOCUMENTATION_COMMENTS = YES;
				CLANG_WARN_EMPTY_BODY = YES;
				CLANG_WARN_ENUM_CONVERSION = YES;
				CLANG_WARN_INFINITE_RECURSION = YES;
				CLANG_WARN_INT_CONVERSION = YES;
				CLANG_WARN_NON_LITERAL_NULL_CONVERSION = YES;
				CLANG_WARN_OBJC_LITERAL_CONVERSION = YES;
				CLANG_WARN_OBJC_ROOT_CLASS = YES_ERROR;
				CLANG_WARN_RANGE_LOOP_ANALYSIS = YES;
				CLANG_WARN_STRICT_PROTOTYPES = YES;
				CLANG_WARN_SUSPICIOUS_MOVE = YES;
				CLANG_WARN_UNGUARDED_AVAILABILITY = YES_AGGRESSIVE;
				CLANG_WARN_UNREACHABLE_CODE = YES;
				CLANG_WARN__DUPLICATE_METHOD_MATCH = YES;
				CODE_SIGN_IDENTITY = "iPhone Developer";
				COPY_PHASE_STRIP = NO;
				DEBUG_INFORMATION_FORMAT = "dwarf-with-dsym";
				ENABLE_NS_ASSERTIONS = NO;
				ENABLE_STRICT_OBJC_MSGSEND = YES;
				GCC_C_LANGUAGE_STANDARD = gnu11;
				GCC_NO_COMMON_BLOCKS = YES;
				GCC_WARN_64_TO_32_BIT_CONVERSION = YES;
				GCC_WARN_ABOUT_RETURN_TYPE = YES_ERROR;
				GCC_WARN_UNDECLARED_SELECTOR = YES;
				GCC_WARN_UNINITIALIZED_AUTOS = YES_AGGRESSIVE;
				GCC_WARN_UNUSED_FUNCTION = YES;
				GCC_WARN_UNUSED_VARIABLE = YES;
				IPHONEOS_DEPLOYMENT_TARGET = 11.0;
				MTL_ENABLE_DEBUG_INFO = NO;
				SDKROOT = iphoneos;
				VALIDATE_PRODUCT = YES;
			};
			name = Release;
		};
		EFF9EA901F9599F400E61B11 /* Debug */ = {
			isa = XCBuildConfiguration;
			baseConfigurationReference = 32A5DF793F2D5546A068DD8A /* Pods-debetMarket.debug.xcconfig */;
			buildSettings = {
				ASSETCATALOG_COMPILER_APPICON_NAME = AppIcon;
				CODE_SIGN_STYLE = Automatic;
				DEVELOPMENT_TEAM = 96GEC3X62W;
				GCC_PREFIX_HEADER = "$(SRCROOT)/debetMarket/PrefixHeader.pch";
				INFOPLIST_FILE = debetMarket/Info.plist;
				IPHONEOS_DEPLOYMENT_TARGET = 9.0;
				LD_RUNPATH_SEARCH_PATHS = "$(inherited) @executable_path/Frameworks";
				PRODUCT_BUNDLE_IDENTIFIER = xz.XingZhang;
				PRODUCT_NAME = "$(TARGET_NAME)";
				TARGETED_DEVICE_FAMILY = 1;
			};
			name = Debug;
		};
		EFF9EA911F9599F400E61B11 /* Release */ = {
			isa = XCBuildConfiguration;
			baseConfigurationReference = 0A20B97237A9C03DF8C2DBC1 /* Pods-debetMarket.release.xcconfig */;
			buildSettings = {
				ASSETCATALOG_COMPILER_APPICON_NAME = AppIcon;
				CODE_SIGN_STYLE = Automatic;
				DEVELOPMENT_TEAM = 96GEC3X62W;
				GCC_PREFIX_HEADER = "$(SRCROOT)/debetMarket/PrefixHeader.pch";
				INFOPLIST_FILE = debetMarket/Info.plist;
				IPHONEOS_DEPLOYMENT_TARGET = 9.0;
				LD_RUNPATH_SEARCH_PATHS = "$(inherited) @executable_path/Frameworks";
				PRODUCT_BUNDLE_IDENTIFIER = xz.XingZhang;
				PRODUCT_NAME = "$(TARGET_NAME)";
				TARGETED_DEVICE_FAMILY = 1;
			};
			name = Release;
		};
		EFF9EA931F9599F400E61B11 /* Debug */ = {
			isa = XCBuildConfiguration;
			baseConfigurationReference = 5EA340D942C0101693E82C7A /* Pods-debetMarketTests.debug.xcconfig */;
			buildSettings = {
				BUNDLE_LOADER = "$(TEST_HOST)";
				CODE_SIGN_STYLE = Automatic;
				INFOPLIST_FILE = debetMarketTests/Info.plist;
				LD_RUNPATH_SEARCH_PATHS = "$(inherited) @executable_path/Frameworks @loader_path/Frameworks";
				PRODUCT_BUNDLE_IDENTIFIER = HotTech.debetMarketTests;
				PRODUCT_NAME = "$(TARGET_NAME)";
				TARGETED_DEVICE_FAMILY = "1,2";
				TEST_HOST = "$(BUILT_PRODUCTS_DIR)/debetMarket.app/debetMarket";
			};
			name = Debug;
		};
		EFF9EA941F9599F400E61B11 /* Release */ = {
			isa = XCBuildConfiguration;
			baseConfigurationReference = 9BF72535AB4176F765B16B16 /* Pods-debetMarketTests.release.xcconfig */;
			buildSettings = {
				BUNDLE_LOADER = "$(TEST_HOST)";
				CODE_SIGN_STYLE = Automatic;
				INFOPLIST_FILE = debetMarketTests/Info.plist;
				LD_RUNPATH_SEARCH_PATHS = "$(inherited) @executable_path/Frameworks @loader_path/Frameworks";
				PRODUCT_BUNDLE_IDENTIFIER = HotTech.debetMarketTests;
				PRODUCT_NAME = "$(TARGET_NAME)";
				TARGETED_DEVICE_FAMILY = "1,2";
				TEST_HOST = "$(BUILT_PRODUCTS_DIR)/debetMarket.app/debetMarket";
			};
			name = Release;
		};
		EFF9EA961F9599F400E61B11 /* Debug */ = {
			isa = XCBuildConfiguration;
			baseConfigurationReference = BCBC36BFC89A391BC36C09E3 /* Pods-debetMarketUITests.debug.xcconfig */;
			buildSettings = {
				CODE_SIGN_STYLE = Automatic;
				INFOPLIST_FILE = debetMarketUITests/Info.plist;
				LD_RUNPATH_SEARCH_PATHS = "$(inherited) @executable_path/Frameworks @loader_path/Frameworks";
				PRODUCT_BUNDLE_IDENTIFIER = HotTech.debetMarketUITests;
				PRODUCT_NAME = "$(TARGET_NAME)";
				TARGETED_DEVICE_FAMILY = "1,2";
				TEST_TARGET_NAME = debetMarket;
			};
			name = Debug;
		};
		EFF9EA971F9599F400E61B11 /* Release */ = {
			isa = XCBuildConfiguration;
			baseConfigurationReference = E34349F584726193ABCD74ED /* Pods-debetMarketUITests.release.xcconfig */;
			buildSettings = {
				CODE_SIGN_STYLE = Automatic;
				INFOPLIST_FILE = debetMarketUITests/Info.plist;
				LD_RUNPATH_SEARCH_PATHS = "$(inherited) @executable_path/Frameworks @loader_path/Frameworks";
				PRODUCT_BUNDLE_IDENTIFIER = HotTech.debetMarketUITests;
				PRODUCT_NAME = "$(TARGET_NAME)";
				TARGETED_DEVICE_FAMILY = "1,2";
				TEST_TARGET_NAME = debetMarket;
			};
			name = Release;
		};
/* End XCBuildConfiguration section */

/* Begin XCConfigurationList section */
		EFF9EA5E1F9599F400E61B11 /* Build configuration list for PBXProject "debetMarket" */ = {
			isa = XCConfigurationList;
			buildConfigurations = (
				EFF9EA8D1F9599F400E61B11 /* Debug */,
				EFF9EA8E1F9599F400E61B11 /* Release */,
			);
			defaultConfigurationIsVisible = 0;
			defaultConfigurationName = Release;
		};
		EFF9EA8F1F9599F400E61B11 /* Build configuration list for PBXNativeTarget "debetMarket" */ = {
			isa = XCConfigurationList;
			buildConfigurations = (
				EFF9EA901F9599F400E61B11 /* Debug */,
				EFF9EA911F9599F400E61B11 /* Release */,
			);
			defaultConfigurationIsVisible = 0;
			defaultConfigurationName = Release;
		};
		EFF9EA921F9599F400E61B11 /* Build configuration list for PBXNativeTarget "debetMarketTests" */ = {
			isa = XCConfigurationList;
			buildConfigurations = (
				EFF9EA931F9599F400E61B11 /* Debug */,
				EFF9EA941F9599F400E61B11 /* Release */,
			);
			defaultConfigurationIsVisible = 0;
			defaultConfigurationName = Release;
		};
		EFF9EA951F9599F400E61B11 /* Build configuration list for PBXNativeTarget "debetMarketUITests" */ = {
			isa = XCConfigurationList;
			buildConfigurations = (
				EFF9EA961F9599F400E61B11 /* Debug */,
				EFF9EA971F9599F400E61B11 /* Release */,
			);
			defaultConfigurationIsVisible = 0;
			defaultConfigurationName = Release;
		};
/* End XCConfigurationList section */
	};
	rootObject = EFF9EA5B1F9599F400E61B11 /* Project object */;
}
